
Microsoft Visual Studio Solution File, Format Version 12.00
# Visual Studio Version 17
VisualStudioVersion = 17.0.31903.59
MinimumVisualStudioVersion = 10.0.40219.1
Project("{FAE04EC0-301F-11D3-BF4B-00C04F79EFBC}") = "Nocturne.Core.Models", "src\Core\Nocturne.Core.Models\Nocturne.Core.Models.csproj", "{F8F5E333-028E-4184-9863-D4535360F29E}"
EndProject
Project("{FAE04EC0-301F-11D3-BF4B-00C04F79EFBC}") = "Nocturne.Core.Constants", "src\Core\Nocturne.Core.Constants\Nocturne.Core.Constants.csproj", "{E9F7D2B1-4A5C-6E8F-9B0D-1C3E5F7A9B2C}"
EndProject
Project("{FAE04EC0-301F-11D3-BF4B-00C04F79EFBC}") = "Nocturne.API", "src\API\Nocturne.API\Nocturne.API.csproj", "{950A2270-A29D-4BCA-87E7-A3152578CA6A}"
EndProject
Project("{FAE04EC0-301F-11D3-BF4B-00C04F79EFBC}") = "Nocturne.API.Tests", "tests\Unit\Nocturne.API.Tests\Nocturne.API.Tests.csproj", "{B78CCA1C-3230-4C68-85A3-5638AA1A1CF2}"
EndProject
Project("{2150E333-8FDC-42A3-9474-1A3956D46DE8}") = "Connectors", "Connectors", "{A328B835-4990-6931-34B9-ABE689D5831A}"
EndProject
Project("{FAE04EC0-301F-11D3-BF4B-00C04F79EFBC}") = "Nocturne.Connectors.Dexcom", "src\Connectors\Nocturne.Connectors.Dexcom\Nocturne.Connectors.Dexcom.csproj", "{AD204638-B3E7-42A0-982A-9FE93ED5E513}"
EndProject
Project("{FAE04EC0-301F-11D3-BF4B-00C04F79EFBC}") = "Nocturne.Connectors.Glooko", "src\Connectors\Nocturne.Connectors.Glooko\Nocturne.Connectors.Glooko.csproj", "{6B94EBCF-8ADA-475A-999B-C3C591DD50E9}"
EndProject
Project("{FAE04EC0-301F-11D3-BF4B-00C04F79EFBC}") = "Nocturne.Connectors.FreeStyle", "src\Connectors\Nocturne.Connectors.FreeStyle\Nocturne.Connectors.FreeStyle.csproj", "{7BB7E927-3AEC-4708-BA55-13849E85FE03}"
EndProject
Project("{FAE04EC0-301F-11D3-BF4B-00C04F79EFBC}") = "Nocturne.Connectors.Core", "src\Connectors\Nocturne.Connectors.Core\Nocturne.Connectors.Core.csproj", "{A1B2C3D4-E5F6-7890-ABCD-EF1234567890}"
EndProject
Project("{2150E333-8FDC-42A3-9474-1A3956D46DE8}") = "src", "src", "{827E0CD3-B72D-47B6-A68D-7590B98EB39B}"
EndProject
Project("{2150E333-8FDC-42A3-9474-1A3956D46DE8}") = "Core", "Core", "{B1C2D3E4-F5A6-7B8C-9D0E-1F2A3B4C5D6E}"
EndProject
Project("{2150E333-8FDC-42A3-9474-1A3956D46DE8}") = "Aspire", "Aspire", "{52BF7FB6-37FF-5100-EFD1-124EFF302675}"
EndProject
Project("{FAE04EC0-301F-11D3-BF4B-00C04F79EFBC}") = "Nocturne.Aspire.Host", "src\Aspire\Nocturne.Aspire.Host\Nocturne.Aspire.Host.csproj", "{7B8A77FC-FD65-4FB3-BBF9-C1EF031D2D4D}"
EndProject
Project("{FAE04EC0-301F-11D3-BF4B-00C04F79EFBC}") = "Nocturne.Aspire.ServiceDefaults", "src\Aspire\Nocturne.Aspire.ServiceDefaults\Nocturne.Aspire.ServiceDefaults.csproj", "{DF30FDA1-C29F-49CC-A89E-C5E3AB2F19C4}"
EndProject
Project("{2150E333-8FDC-42A3-9474-1A3956D46DE8}") = "Tools", "Tools", "{E5B2F8A3-8B4C-4E4D-9A5B-2C1F3D7E8F9A}"
EndProject
Project("{2150E333-8FDC-42A3-9474-1A3956D46DE8}") = "Infrastructure", "Infrastructure", "{9048EB7F-3875-A59E-E36B-5BD4C6F2A282}"
EndProject
Project("{FAE04EC0-301F-11D3-BF4B-00C04F79EFBC}") = "Nocturne.Infrastructure.Cache", "src\Infrastructure\Nocturne.Infrastructure.Cache\Nocturne.Infrastructure.Cache.csproj", "{13F1FAA4-9713-4CDD-8791-E32EAD586DC7}"
EndProject
Project("{2150E333-8FDC-42A3-9474-1A3956D46DE8}") = "tests", "tests", "{0AB3BF05-4346-4AA6-1389-037BE0695223}"
EndProject
Project("{2150E333-8FDC-42A3-9474-1A3956D46DE8}") = "Integration", "Integration", "{28A6993C-471E-82FE-7D9E-AD3B1EC22BD9}"
EndProject
Project("{2150E333-8FDC-42A3-9474-1A3956D46DE8}") = "Unit", "Unit", "{F25A9213-C080-46DC-93A8-09D96E2C55A1}"
EndProject
Project("{FAE04EC0-301F-11D3-BF4B-00C04F79EFBC}") = "Nocturne.Infrastructure.Cache.Tests", "tests\Unit\Nocturne.Infrastructure.Cache.Tests\Nocturne.Infrastructure.Cache.Tests.csproj", "{CF192083-09AA-47AE-9679-9EF0E618A0DB}"
EndProject
Project("{FAE04EC0-301F-11D3-BF4B-00C04F79EFBC}") = "Nocturne.Connectors.Core.Tests", "tests\Unit\Nocturne.Connectors.Core.Tests\Nocturne.Connectors.Core.Tests.csproj", "{5F1141F9-50A5-49E7-808A-9169C3FDB54A}"
EndProject
Project("{2150E333-8FDC-42A3-9474-1A3956D46DE8}") = "Services", "Services", "{984BB9B3-3FA3-BE33-9484-CAC21695A33C}"
EndProject
Project("{FAE04EC0-301F-11D3-BF4B-00C04F79EFBC}") = "Nocturne.Core.Contracts", "src\Core\Nocturne.Core.Contracts\Nocturne.Core.Contracts.csproj", "{79FC8B16-418F-4ECE-A207-22E7A545C06E}"
EndProject
Project("{FAE04EC0-301F-11D3-BF4B-00C04F79EFBC}") = "Nocturne.Infrastructure.Data", "src\Infrastructure\Nocturne.Infrastructure.Data\Nocturne.Infrastructure.Data.csproj", "{300E873E-7F91-489A-BF5A-1F193FE08B84}"
EndProject
Project("{FAE04EC0-301F-11D3-BF4B-00C04F79EFBC}") = "Nocturne.Infrastructure.Shared", "src\Infrastructure\Nocturne.Infrastructure.Shared\Nocturne.Infrastructure.Shared.csproj", "{E3F8F1B8-30D7-4116-852C-B2638AA28971}"
EndProject
Project("{FAE04EC0-301F-11D3-BF4B-00C04F79EFBC}") = "Nocturne.Tools.Abstractions", "src\Tools\Nocturne.Tools.Abstractions\Nocturne.Tools.Abstractions.csproj", "{B625A2FF-F6AF-467A-8596-EB92CDA5CC17}"
EndProject
Project("{FAE04EC0-301F-11D3-BF4B-00C04F79EFBC}") = "Nocturne.Tools.Connect", "src\Tools\Nocturne.Tools.Connect\Nocturne.Tools.Connect.csproj", "{9E392E7E-F01B-42A6-9CA6-DFD911559CDD}"
EndProject
Project("{FAE04EC0-301F-11D3-BF4B-00C04F79EFBC}") = "Nocturne.Tools.Core", "src\Tools\Nocturne.Tools.Core\Nocturne.Tools.Core.csproj", "{A810CCAE-5B18-4D6E-8354-665DC0A33F79}"
EndProject
Project("{FAE04EC0-301F-11D3-BF4B-00C04F79EFBC}") = "Nocturne.Tools.McpServer", "src\Tools\Nocturne.Tools.McpServer\Nocturne.Tools.McpServer.csproj", "{BFF7B10B-B469-4512-8E04-12DD5B09239B}"
EndProject
Project("{2150E333-8FDC-42A3-9474-1A3956D46DE8}") = "Shared", "Shared", "{D0D6B8B0-AC35-B3FA-0B96-A9B0E4A3253E}"
EndProject
Project("{FAE04EC0-301F-11D3-BF4B-00C04F79EFBC}") = "Nocturne.Tests.Shared", "tests\Shared\Nocturne.Tests.Shared\Nocturne.Tests.Shared.csproj", "{17D674D3-1FB6-4E7B-8A74-63509B719083}"
EndProject
Project("{FAE04EC0-301F-11D3-BF4B-00C04F79EFBC}") = "Nocturne.Infrastructure.Data.Tests", "tests\Unit\Nocturne.Infrastructure.Data.Tests\Nocturne.Infrastructure.Data.Tests.csproj", "{46F21E36-52D3-46C9-A0B2-4EA14A0CD660}"
EndProject
Project("{FAE04EC0-301F-11D3-BF4B-00C04F79EFBC}") = "Nocturne.API.Tests", "tests\Integration\Nocturne.API.Tests\Nocturne.API.Tests.csproj", "{3F7F85F1-2CF3-46EF-B919-470CF723560B}"
EndProject
Project("{FAE04EC0-301F-11D3-BF4B-00C04F79EFBC}") = "Nocturne.Connectors.Tests", "tests\Integration\Nocturne.Connectors.Tests\Nocturne.Connectors.Tests.csproj", "{619D6BA4-5CF7-4CDE-A84C-A3D1159DEB1A}"
EndProject
Project("{FAE04EC0-301F-11D3-BF4B-00C04F79EFBC}") = "Nocturne.Infrastructure.Data.Tests", "tests\Integration\Nocturne.Infrastructure.Data.Tests\Nocturne.Infrastructure.Data.Tests.csproj", "{4CE42414-7F38-419B-B02F-D6F64057486F}"
EndProject
Project("{2150E333-8FDC-42A3-9474-1A3956D46DE8}") = "Performance", "Performance", "{59F13AC0-48F4-1EAA-233F-95B7C7A91E1D}"
EndProject
Project("{FAE04EC0-301F-11D3-BF4B-00C04F79EFBC}") = "Nocturne.Infrastructure.Data.Performance.Tests", "tests\Performance\Nocturne.Infrastructure.Data.Performance.Tests\Nocturne.Infrastructure.Data.Performance.Tests.csproj", "{300A1DAE-1C9F-4DD5-A656-D7CFA7114826}"
EndProject
Project("{FAE04EC0-301F-11D3-BF4B-00C04F79EFBC}") = "Nocturne.Services.Demo", "src\Services\Nocturne.Services.Demo\Nocturne.Services.Demo.csproj", "{545BC086-C2E1-49CA-B566-C7BF1F7F2EC2}"
EndProject
Project("{FAE04EC0-301F-11D3-BF4B-00C04F79EFBC}") = "Nocturne.Core.Oref", "src\Core\Nocturne.Core.Oref\Nocturne.Core.Oref.csproj", "{11A022CB-F92C-41D7-80CF-50C6492606B3}"
EndProject
Project("{2150E333-8FDC-42A3-9474-1A3956D46DE8}") = "Connectors", "Connectors", "{237CDB4C-E7C4-795B-969A-4CCB7C8B335B}"
	ProjectSection(SolutionItems) = preProject
		src\Connectors\Nocturne.Connectors.MyLife\Constants\MyLifeConstants.cs = src\Connectors\Nocturne.Connectors.MyLife\Constants\MyLifeConstants.cs
		src\Connectors\Nocturne.Connectors.MyLife\Models\MyLifeLoginResult.cs = src\Connectors\Nocturne.Connectors.MyLife\Models\MyLifeLoginResult.cs
		src\Connectors\Nocturne.Connectors.MyLife\Models\MyLifePatient.cs = src\Connectors\Nocturne.Connectors.MyLife\Models\MyLifePatient.cs
		src\Connectors\Nocturne.Connectors.MyLife\Models\MyLifeLocation.cs = src\Connectors\Nocturne.Connectors.MyLife\Models\MyLifeLocation.cs
		src\Connectors\Nocturne.Connectors.MyLife\Models\MyLifeEvent.cs = src\Connectors\Nocturne.Connectors.MyLife\Models\MyLifeEvent.cs
		src\Connectors\Nocturne.Connectors.MyLife\Nocturne.Connectors.MyLife.csproj = src\Connectors\Nocturne.Connectors.MyLife\Nocturne.Connectors.MyLife.csproj
		src\Connectors\Nocturne.Connectors.MyLife\Services\MyLifeHealthCheck.cs = src\Connectors\Nocturne.Connectors.MyLife\Services\MyLifeHealthCheck.cs
		src\Connectors\Nocturne.Connectors.MyLife\Services\MyLifeSyncService.cs = src\Connectors\Nocturne.Connectors.MyLife\Services\MyLifeSyncService.cs
		src\Connectors\Nocturne.Connectors.MyLife\Services\MyLifeDecryptor.cs = src\Connectors\Nocturne.Connectors.MyLife\Services\MyLifeDecryptor.cs
		src\Connectors\Nocturne.Connectors.MyLife\Services\MyLifeSessionStore.cs = src\Connectors\Nocturne.Connectors.MyLife\Services\MyLifeSessionStore.cs
		src\Connectors\Nocturne.Connectors.MyLife\Services\MyLifeSoapClient.cs = src\Connectors\Nocturne.Connectors.MyLife\Services\MyLifeSoapClient.cs
		src\Connectors\Nocturne.Connectors.MyLife\Services\MyLifeAuthTokenProvider.cs = src\Connectors\Nocturne.Connectors.MyLife\Services\MyLifeAuthTokenProvider.cs
		src\Connectors\Nocturne.Connectors.MyLife\Services\MyLifeEventsCache.cs = src\Connectors\Nocturne.Connectors.MyLife\Services\MyLifeEventsCache.cs
		src\Connectors\Nocturne.Connectors.MyLife\Services\MyLifeHostedService.cs = src\Connectors\Nocturne.Connectors.MyLife\Services\MyLifeHostedService.cs
		src\Connectors\Nocturne.Connectors.MyLife\Services\MyLifeArchiveReader.cs = src\Connectors\Nocturne.Connectors.MyLife\Services\MyLifeArchiveReader.cs
		src\Connectors\Nocturne.Connectors.MyLife\Services\MyLifeConnectorService.cs = src\Connectors\Nocturne.Connectors.MyLife\Services\MyLifeConnectorService.cs
		src\Connectors\Nocturne.Connectors.MyLife\Program.cs = src\Connectors\Nocturne.Connectors.MyLife\Program.cs
	EndProjectSection
EndProject
Project("{2150E333-8FDC-42A3-9474-1A3956D46DE8}") = "Portal", "Portal", "{47D8B096-E82B-5B56-5B7B-84742B497FE3}"
EndProject
Project("{FAE04EC0-301F-11D3-BF4B-00C04F79EFBC}") = "Nocturne.Portal.API", "src\Portal\Nocturne.Portal.API\Nocturne.Portal.API.csproj", "{7AF64330-00BC-4CD6-B27E-648DF30C6770}"
EndProject
Project("{FAE04EC0-301F-11D3-BF4B-00C04F79EFBC}") = "Nocturne.Portal.AppHost", "src\Portal\Nocturne.Portal.AppHost\Nocturne.Portal.AppHost.csproj", "{16F43C20-38A5-4914-8E4C-BDDB91ED1314}"
EndProject
Project("{FAE04EC0-301F-11D3-BF4B-00C04F79EFBC}") = "Nocturne.Connectors.MyLife", "src\Connectors\Nocturne.Connectors.MyLife\Nocturne.Connectors.MyLife.csproj", "{B9C6EBFB-C42D-451D-A772-0530E38474CE}"
EndProject
Project("{FAE04EC0-301F-11D3-BF4B-00C04F79EFBC}") = "Nocturne.Connectors.Tidepool", "src\Connectors\Nocturne.Connectors.Tidepool\Nocturne.Connectors.Tidepool.csproj", "{BAE3D776-11C3-412C-8627-D7BE19EC4A84}"
EndProject
Project("{FAE04EC0-301F-11D3-BF4B-00C04F79EFBC}") = "Nocturne.Connectors.MyFitnessPal", "src\Connectors\Nocturne.Connectors.MyFitnessPal\Nocturne.Connectors.MyFitnessPal.csproj", "{0950185D-7962-4480-875C-F09E4054FD78}"
EndProject
Project("{FAE04EC0-301F-11D3-BF4B-00C04F79EFBC}") = "Nocturne.Connectors.Nightscout", "src\Connectors\Nocturne.Connectors.Nightscout\Nocturne.Connectors.Nightscout.csproj", "{DCED5314-B57E-4884-B7CA-A7303E1D0C72}"
EndProject
Project("{FAE04EC0-301F-11D3-BF4B-00C04F79EFBC}") = "Nocturne.Core.Models.Tests", "tests\Unit\Nocturne.Core.Models.Tests\Nocturne.Core.Models.Tests.csproj", "{68D4BE32-FCD5-41D3-83D6-0919713A3EF0}"
EndProject
Project("{FAE04EC0-301F-11D3-BF4B-00C04F79EFBC}") = "Nocturne.Connectors.HomeAssistant", "src\Connectors\Nocturne.Connectors.HomeAssistant\Nocturne.Connectors.HomeAssistant.csproj", "{A61524AF-AF0A-4461-8F27-41A025C80736}"
EndProject
Project("{2150E333-8FDC-42A3-9474-1A3956D46DE8}") = "Widgets", "Widgets", "{8FAF2A65-9545-D0E2-258D-DDED00B9DFBD}"
EndProject
Project("{FAE04EC0-301F-11D3-BF4B-00C04F79EFBC}") = "Nocturne.Widget.Contracts", "src\Widgets\Nocturne.Widget.Contracts\Nocturne.Widget.Contracts.csproj", "{ABE6E00F-0A6D-4E0E-8DA5-8889C589DE16}"
EndProject
Project("{FAE04EC0-301F-11D3-BF4B-00C04F79EFBC}") = "Nocturne.Widget.Infrastructure", "src\Widgets\Nocturne.Widget.Infrastructure\Nocturne.Widget.Infrastructure.csproj", "{3A97A0BE-E490-4D80-A82B-D85CC993383B}"
EndProject
Project("{FAE04EC0-301F-11D3-BF4B-00C04F79EFBC}") = "Nocturne.Widget.Windows11", "src\Widgets\Nocturne.Widget.Windows11\Nocturne.Widget.Windows11.csproj", "{1365D84B-BF2B-4A79-9736-9694C0D8F2B2}"
EndProject
Project("{2150E333-8FDC-42A3-9474-1A3956D46DE8}") = "Desktop", "Desktop", "{2951E765-5F77-95BA-3D85-F41283DA5914}"
EndProject
Project("{FAE04EC0-301F-11D3-BF4B-00C04F79EFBC}") = "Nocturne.Desktop.Tray", "src\Desktop\Nocturne.Desktop.Tray\Nocturne.Desktop.Tray.csproj", "{867D3D8E-7651-4279-9BC8-553F5B9883F9}"
EndProject
Project("{FAE04EC0-301F-11D3-BF4B-00C04F79EFBC}") = "Nocturne.Connectors.Eversense.Tests", "tests\Unit\Nocturne.Connectors.Eversense.Tests\Nocturne.Connectors.Eversense.Tests.csproj", "{66546F32-B3E7-4FEB-B3B3-979C2F14CC65}"
EndProject
Project("{FAE04EC0-301F-11D3-BF4B-00C04F79EFBC}") = "Nocturne.Connectors.Eversense", "src\Connectors\Nocturne.Connectors.Eversense\Nocturne.Connectors.Eversense.csproj", "{A79F4737-785F-4D54-A4C3-73CFA477C9D8}"
EndProject
Project("{FAE04EC0-301F-11D3-BF4B-00C04F79EFBC}") = "Nocturne.Connectors.NocturneRemote", "src\Connectors\Nocturne.Connectors.NocturneRemote\Nocturne.Connectors.NocturneRemote.csproj", "{0FCE3414-12EE-4743-AFAE-C3A272893B11}"
EndProject
Project("{FAE04EC0-301F-11D3-BF4B-00C04F79EFBC}") = "Nocturne.Core.Constants.Tests", "tests\Unit\Nocturne.Core.Constants.Tests\Nocturne.Core.Constants.Tests.csproj", "{042C9FAF-C2A2-4FD6-AFC1-7CFD96B022BF}"
EndProject
Project("{FAE04EC0-301F-11D3-BF4B-00C04F79EFBC}") = "Nocturne.Connectors.MyLife.Tests", "tests\Unit\Nocturne.Connectors.MyLife.Tests\Nocturne.Connectors.MyLife.Tests.csproj", "{C630D847-E0DB-4CE3-AB65-E87E7ECBB99D}"
EndProject
Project("{FAE04EC0-301F-11D3-BF4B-00C04F79EFBC}") = "Nocturne.Connectors.Tidepool.Tests", "tests\Unit\Nocturne.Connectors.Tidepool.Tests\Nocturne.Connectors.Tidepool.Tests.csproj", "{6367B9D5-BCAE-41D6-85CE-A85D819A9A8E}"
EndProject
Project("{FAE04EC0-301F-11D3-BF4B-00C04F79EFBC}") = "Nocturne.Connectors.Glooko.Tests", "tests\Unit\Nocturne.Connectors.Glooko.Tests\Nocturne.Connectors.Glooko.Tests.csproj", "{BA81EE82-7885-4441-A0FC-45735D9E036E}"
EndProject
Project("{FAE04EC0-301F-11D3-BF4B-00C04F79EFBC}") = "Nocturne.Aspire.ScalarBootstrap", "src\Aspire\Nocturne.Aspire.ScalarBootstrap\Nocturne.Aspire.ScalarBootstrap.csproj", "{0DF48F83-F9BC-4F38-9728-17CA95C5FE92}"
EndProject
Project("{2150E333-8FDC-42A3-9474-1A3956D46DE8}") = "E2E", "E2E", "{0EB607AC-6329-6575-AD8B-E5558B048B88}"
EndProject
Project("{FAE04EC0-301F-11D3-BF4B-00C04F79EFBC}") = "Nocturne.E2E.Tests", "tests\E2E\Nocturne.E2E.Tests\Nocturne.E2E.Tests.csproj", "{3777EA95-F5D2-471D-9304-D4E3EC74F767}"
EndProject
Project("{FAE04EC0-301F-11D3-BF4B-00C04F79EFBC}") = "Nocturne.API.Performance.Tests", "tests\Performance\Nocturne.API.Performance.Tests\Nocturne.API.Performance.Tests.csproj", "{B1A88C7A-F85E-4B99-A8FB-8A7577CD4D6F}"
EndProject
Project("{2150E333-8FDC-42A3-9474-1A3956D46DE8}") = "API", "API", "{81034408-37C8-1011-444E-4C15C2FADA8E}"
EndProject
Global
	GlobalSection(SolutionConfigurationPlatforms) = preSolution
		Debug|Any CPU = Debug|Any CPU
		Debug|x64 = Debug|x64
		Debug|x86 = Debug|x86
		Release|Any CPU = Release|Any CPU
		Release|x64 = Release|x64
		Release|x86 = Release|x86
	EndGlobalSection
	GlobalSection(ProjectConfigurationPlatforms) = postSolution
		{F8F5E333-028E-4184-9863-D4535360F29E}.Debug|Any CPU.ActiveCfg = Debug|Any CPU
		{F8F5E333-028E-4184-9863-D4535360F29E}.Debug|Any CPU.Build.0 = Debug|Any CPU
		{F8F5E333-028E-4184-9863-D4535360F29E}.Debug|x64.ActiveCfg = Debug|Any CPU
		{F8F5E333-028E-4184-9863-D4535360F29E}.Debug|x64.Build.0 = Debug|Any CPU
		{F8F5E333-028E-4184-9863-D4535360F29E}.Debug|x86.ActiveCfg = Debug|Any CPU
		{F8F5E333-028E-4184-9863-D4535360F29E}.Debug|x86.Build.0 = Debug|Any CPU
		{F8F5E333-028E-4184-9863-D4535360F29E}.Release|Any CPU.ActiveCfg = Release|Any CPU
		{F8F5E333-028E-4184-9863-D4535360F29E}.Release|Any CPU.Build.0 = Release|Any CPU
		{F8F5E333-028E-4184-9863-D4535360F29E}.Release|x64.ActiveCfg = Release|Any CPU
		{F8F5E333-028E-4184-9863-D4535360F29E}.Release|x64.Build.0 = Release|Any CPU
		{F8F5E333-028E-4184-9863-D4535360F29E}.Release|x86.ActiveCfg = Release|Any CPU
		{F8F5E333-028E-4184-9863-D4535360F29E}.Release|x86.Build.0 = Release|Any CPU
		{E9F7D2B1-4A5C-6E8F-9B0D-1C3E5F7A9B2C}.Debug|Any CPU.ActiveCfg = Debug|Any CPU
		{E9F7D2B1-4A5C-6E8F-9B0D-1C3E5F7A9B2C}.Debug|Any CPU.Build.0 = Debug|Any CPU
		{E9F7D2B1-4A5C-6E8F-9B0D-1C3E5F7A9B2C}.Debug|x64.ActiveCfg = Debug|Any CPU
		{E9F7D2B1-4A5C-6E8F-9B0D-1C3E5F7A9B2C}.Debug|x64.Build.0 = Debug|Any CPU
		{E9F7D2B1-4A5C-6E8F-9B0D-1C3E5F7A9B2C}.Debug|x86.ActiveCfg = Debug|Any CPU
		{E9F7D2B1-4A5C-6E8F-9B0D-1C3E5F7A9B2C}.Debug|x86.Build.0 = Debug|Any CPU
		{E9F7D2B1-4A5C-6E8F-9B0D-1C3E5F7A9B2C}.Release|Any CPU.ActiveCfg = Release|Any CPU
		{E9F7D2B1-4A5C-6E8F-9B0D-1C3E5F7A9B2C}.Release|Any CPU.Build.0 = Release|Any CPU
		{E9F7D2B1-4A5C-6E8F-9B0D-1C3E5F7A9B2C}.Release|x64.ActiveCfg = Release|Any CPU
		{E9F7D2B1-4A5C-6E8F-9B0D-1C3E5F7A9B2C}.Release|x64.Build.0 = Release|Any CPU
		{E9F7D2B1-4A5C-6E8F-9B0D-1C3E5F7A9B2C}.Release|x86.ActiveCfg = Release|Any CPU
		{E9F7D2B1-4A5C-6E8F-9B0D-1C3E5F7A9B2C}.Release|x86.Build.0 = Release|Any CPU
		{950A2270-A29D-4BCA-87E7-A3152578CA6A}.Debug|Any CPU.ActiveCfg = Debug|Any CPU
		{950A2270-A29D-4BCA-87E7-A3152578CA6A}.Debug|Any CPU.Build.0 = Debug|Any CPU
		{950A2270-A29D-4BCA-87E7-A3152578CA6A}.Debug|x64.ActiveCfg = Debug|Any CPU
		{950A2270-A29D-4BCA-87E7-A3152578CA6A}.Debug|x64.Build.0 = Debug|Any CPU
		{950A2270-A29D-4BCA-87E7-A3152578CA6A}.Debug|x86.ActiveCfg = Debug|Any CPU
		{950A2270-A29D-4BCA-87E7-A3152578CA6A}.Debug|x86.Build.0 = Debug|Any CPU
		{950A2270-A29D-4BCA-87E7-A3152578CA6A}.Release|Any CPU.ActiveCfg = Release|Any CPU
		{950A2270-A29D-4BCA-87E7-A3152578CA6A}.Release|Any CPU.Build.0 = Release|Any CPU
		{950A2270-A29D-4BCA-87E7-A3152578CA6A}.Release|x64.ActiveCfg = Release|Any CPU
		{950A2270-A29D-4BCA-87E7-A3152578CA6A}.Release|x64.Build.0 = Release|Any CPU
		{950A2270-A29D-4BCA-87E7-A3152578CA6A}.Release|x86.ActiveCfg = Release|Any CPU
		{950A2270-A29D-4BCA-87E7-A3152578CA6A}.Release|x86.Build.0 = Release|Any CPU
		{B78CCA1C-3230-4C68-85A3-5638AA1A1CF2}.Debug|Any CPU.ActiveCfg = Debug|Any CPU
		{B78CCA1C-3230-4C68-85A3-5638AA1A1CF2}.Debug|Any CPU.Build.0 = Debug|Any CPU
		{B78CCA1C-3230-4C68-85A3-5638AA1A1CF2}.Debug|x64.ActiveCfg = Debug|Any CPU
		{B78CCA1C-3230-4C68-85A3-5638AA1A1CF2}.Debug|x64.Build.0 = Debug|Any CPU
		{B78CCA1C-3230-4C68-85A3-5638AA1A1CF2}.Debug|x86.ActiveCfg = Debug|Any CPU
		{B78CCA1C-3230-4C68-85A3-5638AA1A1CF2}.Debug|x86.Build.0 = Debug|Any CPU
		{B78CCA1C-3230-4C68-85A3-5638AA1A1CF2}.Release|Any CPU.ActiveCfg = Release|Any CPU
		{B78CCA1C-3230-4C68-85A3-5638AA1A1CF2}.Release|Any CPU.Build.0 = Release|Any CPU
		{B78CCA1C-3230-4C68-85A3-5638AA1A1CF2}.Release|x64.ActiveCfg = Release|Any CPU
		{B78CCA1C-3230-4C68-85A3-5638AA1A1CF2}.Release|x64.Build.0 = Release|Any CPU
		{B78CCA1C-3230-4C68-85A3-5638AA1A1CF2}.Release|x86.ActiveCfg = Release|Any CPU
		{B78CCA1C-3230-4C68-85A3-5638AA1A1CF2}.Release|x86.Build.0 = Release|Any CPU
		{AD204638-B3E7-42A0-982A-9FE93ED5E513}.Debug|Any CPU.ActiveCfg = Debug|Any CPU
		{AD204638-B3E7-42A0-982A-9FE93ED5E513}.Debug|Any CPU.Build.0 = Debug|Any CPU
		{AD204638-B3E7-42A0-982A-9FE93ED5E513}.Debug|x64.ActiveCfg = Debug|Any CPU
		{AD204638-B3E7-42A0-982A-9FE93ED5E513}.Debug|x64.Build.0 = Debug|Any CPU
		{AD204638-B3E7-42A0-982A-9FE93ED5E513}.Debug|x86.ActiveCfg = Debug|Any CPU
		{AD204638-B3E7-42A0-982A-9FE93ED5E513}.Debug|x86.Build.0 = Debug|Any CPU
		{AD204638-B3E7-42A0-982A-9FE93ED5E513}.Release|Any CPU.ActiveCfg = Release|Any CPU
		{AD204638-B3E7-42A0-982A-9FE93ED5E513}.Release|Any CPU.Build.0 = Release|Any CPU
		{AD204638-B3E7-42A0-982A-9FE93ED5E513}.Release|x64.ActiveCfg = Release|Any CPU
		{AD204638-B3E7-42A0-982A-9FE93ED5E513}.Release|x64.Build.0 = Release|Any CPU
		{AD204638-B3E7-42A0-982A-9FE93ED5E513}.Release|x86.ActiveCfg = Release|Any CPU
		{AD204638-B3E7-42A0-982A-9FE93ED5E513}.Release|x86.Build.0 = Release|Any CPU
		{6B94EBCF-8ADA-475A-999B-C3C591DD50E9}.Debug|Any CPU.ActiveCfg = Debug|Any CPU
		{6B94EBCF-8ADA-475A-999B-C3C591DD50E9}.Debug|Any CPU.Build.0 = Debug|Any CPU
		{6B94EBCF-8ADA-475A-999B-C3C591DD50E9}.Debug|x64.ActiveCfg = Debug|Any CPU
		{6B94EBCF-8ADA-475A-999B-C3C591DD50E9}.Debug|x64.Build.0 = Debug|Any CPU
		{6B94EBCF-8ADA-475A-999B-C3C591DD50E9}.Debug|x86.ActiveCfg = Debug|Any CPU
		{6B94EBCF-8ADA-475A-999B-C3C591DD50E9}.Debug|x86.Build.0 = Debug|Any CPU
		{6B94EBCF-8ADA-475A-999B-C3C591DD50E9}.Release|Any CPU.ActiveCfg = Release|Any CPU
		{6B94EBCF-8ADA-475A-999B-C3C591DD50E9}.Release|Any CPU.Build.0 = Release|Any CPU
		{6B94EBCF-8ADA-475A-999B-C3C591DD50E9}.Release|x64.ActiveCfg = Release|Any CPU
		{6B94EBCF-8ADA-475A-999B-C3C591DD50E9}.Release|x64.Build.0 = Release|Any CPU
		{6B94EBCF-8ADA-475A-999B-C3C591DD50E9}.Release|x86.ActiveCfg = Release|Any CPU
		{6B94EBCF-8ADA-475A-999B-C3C591DD50E9}.Release|x86.Build.0 = Release|Any CPU
		{7BB7E927-3AEC-4708-BA55-13849E85FE03}.Debug|Any CPU.ActiveCfg = Debug|Any CPU
		{7BB7E927-3AEC-4708-BA55-13849E85FE03}.Debug|Any CPU.Build.0 = Debug|Any CPU
		{7BB7E927-3AEC-4708-BA55-13849E85FE03}.Debug|x64.ActiveCfg = Debug|Any CPU
		{7BB7E927-3AEC-4708-BA55-13849E85FE03}.Debug|x64.Build.0 = Debug|Any CPU
		{7BB7E927-3AEC-4708-BA55-13849E85FE03}.Debug|x86.ActiveCfg = Debug|Any CPU
		{7BB7E927-3AEC-4708-BA55-13849E85FE03}.Debug|x86.Build.0 = Debug|Any CPU
		{7BB7E927-3AEC-4708-BA55-13849E85FE03}.Release|Any CPU.ActiveCfg = Release|Any CPU
		{7BB7E927-3AEC-4708-BA55-13849E85FE03}.Release|Any CPU.Build.0 = Release|Any CPU
		{7BB7E927-3AEC-4708-BA55-13849E85FE03}.Release|x64.ActiveCfg = Release|Any CPU
		{7BB7E927-3AEC-4708-BA55-13849E85FE03}.Release|x64.Build.0 = Release|Any CPU
		{7BB7E927-3AEC-4708-BA55-13849E85FE03}.Release|x86.ActiveCfg = Release|Any CPU
		{7BB7E927-3AEC-4708-BA55-13849E85FE03}.Release|x86.Build.0 = Release|Any CPU
		{A1B2C3D4-E5F6-7890-ABCD-EF1234567890}.Debug|Any CPU.ActiveCfg = Debug|Any CPU
		{A1B2C3D4-E5F6-7890-ABCD-EF1234567890}.Debug|Any CPU.Build.0 = Debug|Any CPU
		{A1B2C3D4-E5F6-7890-ABCD-EF1234567890}.Debug|x64.ActiveCfg = Debug|Any CPU
		{A1B2C3D4-E5F6-7890-ABCD-EF1234567890}.Debug|x64.Build.0 = Debug|Any CPU
		{A1B2C3D4-E5F6-7890-ABCD-EF1234567890}.Debug|x86.ActiveCfg = Debug|Any CPU
		{A1B2C3D4-E5F6-7890-ABCD-EF1234567890}.Debug|x86.Build.0 = Debug|Any CPU
		{A1B2C3D4-E5F6-7890-ABCD-EF1234567890}.Release|Any CPU.ActiveCfg = Release|Any CPU
		{A1B2C3D4-E5F6-7890-ABCD-EF1234567890}.Release|Any CPU.Build.0 = Release|Any CPU
		{A1B2C3D4-E5F6-7890-ABCD-EF1234567890}.Release|x64.ActiveCfg = Release|Any CPU
		{A1B2C3D4-E5F6-7890-ABCD-EF1234567890}.Release|x64.Build.0 = Release|Any CPU
		{A1B2C3D4-E5F6-7890-ABCD-EF1234567890}.Release|x86.ActiveCfg = Release|Any CPU
		{A1B2C3D4-E5F6-7890-ABCD-EF1234567890}.Release|x86.Build.0 = Release|Any CPU
		{7B8A77FC-FD65-4FB3-BBF9-C1EF031D2D4D}.Debug|Any CPU.ActiveCfg = Debug|Any CPU
		{7B8A77FC-FD65-4FB3-BBF9-C1EF031D2D4D}.Debug|Any CPU.Build.0 = Debug|Any CPU
		{7B8A77FC-FD65-4FB3-BBF9-C1EF031D2D4D}.Debug|x64.ActiveCfg = Debug|Any CPU
		{7B8A77FC-FD65-4FB3-BBF9-C1EF031D2D4D}.Debug|x64.Build.0 = Debug|Any CPU
		{7B8A77FC-FD65-4FB3-BBF9-C1EF031D2D4D}.Debug|x86.ActiveCfg = Debug|Any CPU
		{7B8A77FC-FD65-4FB3-BBF9-C1EF031D2D4D}.Debug|x86.Build.0 = Debug|Any CPU
		{7B8A77FC-FD65-4FB3-BBF9-C1EF031D2D4D}.Release|Any CPU.ActiveCfg = Release|Any CPU
		{7B8A77FC-FD65-4FB3-BBF9-C1EF031D2D4D}.Release|Any CPU.Build.0 = Release|Any CPU
		{7B8A77FC-FD65-4FB3-BBF9-C1EF031D2D4D}.Release|x64.ActiveCfg = Release|Any CPU
		{7B8A77FC-FD65-4FB3-BBF9-C1EF031D2D4D}.Release|x64.Build.0 = Release|Any CPU
		{7B8A77FC-FD65-4FB3-BBF9-C1EF031D2D4D}.Release|x86.ActiveCfg = Release|Any CPU
		{7B8A77FC-FD65-4FB3-BBF9-C1EF031D2D4D}.Release|x86.Build.0 = Release|Any CPU
		{DF30FDA1-C29F-49CC-A89E-C5E3AB2F19C4}.Debug|Any CPU.ActiveCfg = Debug|Any CPU
		{DF30FDA1-C29F-49CC-A89E-C5E3AB2F19C4}.Debug|Any CPU.Build.0 = Debug|Any CPU
		{DF30FDA1-C29F-49CC-A89E-C5E3AB2F19C4}.Debug|x64.ActiveCfg = Debug|Any CPU
		{DF30FDA1-C29F-49CC-A89E-C5E3AB2F19C4}.Debug|x64.Build.0 = Debug|Any CPU
		{DF30FDA1-C29F-49CC-A89E-C5E3AB2F19C4}.Debug|x86.ActiveCfg = Debug|Any CPU
		{DF30FDA1-C29F-49CC-A89E-C5E3AB2F19C4}.Debug|x86.Build.0 = Debug|Any CPU
		{DF30FDA1-C29F-49CC-A89E-C5E3AB2F19C4}.Release|Any CPU.ActiveCfg = Release|Any CPU
		{DF30FDA1-C29F-49CC-A89E-C5E3AB2F19C4}.Release|Any CPU.Build.0 = Release|Any CPU
		{DF30FDA1-C29F-49CC-A89E-C5E3AB2F19C4}.Release|x64.ActiveCfg = Release|Any CPU
		{DF30FDA1-C29F-49CC-A89E-C5E3AB2F19C4}.Release|x64.Build.0 = Release|Any CPU
		{DF30FDA1-C29F-49CC-A89E-C5E3AB2F19C4}.Release|x86.ActiveCfg = Release|Any CPU
		{DF30FDA1-C29F-49CC-A89E-C5E3AB2F19C4}.Release|x86.Build.0 = Release|Any CPU
		{13F1FAA4-9713-4CDD-8791-E32EAD586DC7}.Debug|Any CPU.ActiveCfg = Debug|Any CPU
		{13F1FAA4-9713-4CDD-8791-E32EAD586DC7}.Debug|Any CPU.Build.0 = Debug|Any CPU
		{13F1FAA4-9713-4CDD-8791-E32EAD586DC7}.Debug|x64.ActiveCfg = Debug|Any CPU
		{13F1FAA4-9713-4CDD-8791-E32EAD586DC7}.Debug|x64.Build.0 = Debug|Any CPU
		{13F1FAA4-9713-4CDD-8791-E32EAD586DC7}.Debug|x86.ActiveCfg = Debug|Any CPU
		{13F1FAA4-9713-4CDD-8791-E32EAD586DC7}.Debug|x86.Build.0 = Debug|Any CPU
		{13F1FAA4-9713-4CDD-8791-E32EAD586DC7}.Release|Any CPU.ActiveCfg = Release|Any CPU
		{13F1FAA4-9713-4CDD-8791-E32EAD586DC7}.Release|Any CPU.Build.0 = Release|Any CPU
		{13F1FAA4-9713-4CDD-8791-E32EAD586DC7}.Release|x64.ActiveCfg = Release|Any CPU
		{13F1FAA4-9713-4CDD-8791-E32EAD586DC7}.Release|x64.Build.0 = Release|Any CPU
		{13F1FAA4-9713-4CDD-8791-E32EAD586DC7}.Release|x86.ActiveCfg = Release|Any CPU
		{13F1FAA4-9713-4CDD-8791-E32EAD586DC7}.Release|x86.Build.0 = Release|Any CPU
		{CF192083-09AA-47AE-9679-9EF0E618A0DB}.Debug|Any CPU.ActiveCfg = Debug|Any CPU
		{CF192083-09AA-47AE-9679-9EF0E618A0DB}.Debug|Any CPU.Build.0 = Debug|Any CPU
		{CF192083-09AA-47AE-9679-9EF0E618A0DB}.Debug|x64.ActiveCfg = Debug|Any CPU
		{CF192083-09AA-47AE-9679-9EF0E618A0DB}.Debug|x64.Build.0 = Debug|Any CPU
		{CF192083-09AA-47AE-9679-9EF0E618A0DB}.Debug|x86.ActiveCfg = Debug|Any CPU
		{CF192083-09AA-47AE-9679-9EF0E618A0DB}.Debug|x86.Build.0 = Debug|Any CPU
		{CF192083-09AA-47AE-9679-9EF0E618A0DB}.Release|Any CPU.ActiveCfg = Release|Any CPU
		{CF192083-09AA-47AE-9679-9EF0E618A0DB}.Release|Any CPU.Build.0 = Release|Any CPU
		{CF192083-09AA-47AE-9679-9EF0E618A0DB}.Release|x64.ActiveCfg = Release|Any CPU
		{CF192083-09AA-47AE-9679-9EF0E618A0DB}.Release|x64.Build.0 = Release|Any CPU
		{CF192083-09AA-47AE-9679-9EF0E618A0DB}.Release|x86.ActiveCfg = Release|Any CPU
		{CF192083-09AA-47AE-9679-9EF0E618A0DB}.Release|x86.Build.0 = Release|Any CPU
		{5F1141F9-50A5-49E7-808A-9169C3FDB54A}.Debug|Any CPU.ActiveCfg = Debug|Any CPU
		{5F1141F9-50A5-49E7-808A-9169C3FDB54A}.Debug|Any CPU.Build.0 = Debug|Any CPU
		{5F1141F9-50A5-49E7-808A-9169C3FDB54A}.Debug|x64.ActiveCfg = Debug|Any CPU
		{5F1141F9-50A5-49E7-808A-9169C3FDB54A}.Debug|x64.Build.0 = Debug|Any CPU
		{5F1141F9-50A5-49E7-808A-9169C3FDB54A}.Debug|x86.ActiveCfg = Debug|Any CPU
		{5F1141F9-50A5-49E7-808A-9169C3FDB54A}.Debug|x86.Build.0 = Debug|Any CPU
		{5F1141F9-50A5-49E7-808A-9169C3FDB54A}.Release|Any CPU.ActiveCfg = Release|Any CPU
		{5F1141F9-50A5-49E7-808A-9169C3FDB54A}.Release|Any CPU.Build.0 = Release|Any CPU
		{5F1141F9-50A5-49E7-808A-9169C3FDB54A}.Release|x64.ActiveCfg = Release|Any CPU
		{5F1141F9-50A5-49E7-808A-9169C3FDB54A}.Release|x64.Build.0 = Release|Any CPU
		{5F1141F9-50A5-49E7-808A-9169C3FDB54A}.Release|x86.ActiveCfg = Release|Any CPU
		{5F1141F9-50A5-49E7-808A-9169C3FDB54A}.Release|x86.Build.0 = Release|Any CPU
		{79FC8B16-418F-4ECE-A207-22E7A545C06E}.Debug|Any CPU.ActiveCfg = Debug|Any CPU
		{79FC8B16-418F-4ECE-A207-22E7A545C06E}.Debug|Any CPU.Build.0 = Debug|Any CPU
		{79FC8B16-418F-4ECE-A207-22E7A545C06E}.Debug|x64.ActiveCfg = Debug|Any CPU
		{79FC8B16-418F-4ECE-A207-22E7A545C06E}.Debug|x64.Build.0 = Debug|Any CPU
		{79FC8B16-418F-4ECE-A207-22E7A545C06E}.Debug|x86.ActiveCfg = Debug|Any CPU
		{79FC8B16-418F-4ECE-A207-22E7A545C06E}.Debug|x86.Build.0 = Debug|Any CPU
		{79FC8B16-418F-4ECE-A207-22E7A545C06E}.Release|Any CPU.ActiveCfg = Release|Any CPU
		{79FC8B16-418F-4ECE-A207-22E7A545C06E}.Release|Any CPU.Build.0 = Release|Any CPU
		{79FC8B16-418F-4ECE-A207-22E7A545C06E}.Release|x64.ActiveCfg = Release|Any CPU
		{79FC8B16-418F-4ECE-A207-22E7A545C06E}.Release|x64.Build.0 = Release|Any CPU
		{79FC8B16-418F-4ECE-A207-22E7A545C06E}.Release|x86.ActiveCfg = Release|Any CPU
		{79FC8B16-418F-4ECE-A207-22E7A545C06E}.Release|x86.Build.0 = Release|Any CPU
		{300E873E-7F91-489A-BF5A-1F193FE08B84}.Debug|Any CPU.ActiveCfg = Debug|Any CPU
		{300E873E-7F91-489A-BF5A-1F193FE08B84}.Debug|Any CPU.Build.0 = Debug|Any CPU
		{300E873E-7F91-489A-BF5A-1F193FE08B84}.Debug|x64.ActiveCfg = Debug|Any CPU
		{300E873E-7F91-489A-BF5A-1F193FE08B84}.Debug|x64.Build.0 = Debug|Any CPU
		{300E873E-7F91-489A-BF5A-1F193FE08B84}.Debug|x86.ActiveCfg = Debug|Any CPU
		{300E873E-7F91-489A-BF5A-1F193FE08B84}.Debug|x86.Build.0 = Debug|Any CPU
		{300E873E-7F91-489A-BF5A-1F193FE08B84}.Release|Any CPU.ActiveCfg = Release|Any CPU
		{300E873E-7F91-489A-BF5A-1F193FE08B84}.Release|Any CPU.Build.0 = Release|Any CPU
		{300E873E-7F91-489A-BF5A-1F193FE08B84}.Release|x64.ActiveCfg = Release|Any CPU
		{300E873E-7F91-489A-BF5A-1F193FE08B84}.Release|x64.Build.0 = Release|Any CPU
		{300E873E-7F91-489A-BF5A-1F193FE08B84}.Release|x86.ActiveCfg = Release|Any CPU
		{300E873E-7F91-489A-BF5A-1F193FE08B84}.Release|x86.Build.0 = Release|Any CPU
		{E3F8F1B8-30D7-4116-852C-B2638AA28971}.Debug|Any CPU.ActiveCfg = Debug|Any CPU
		{E3F8F1B8-30D7-4116-852C-B2638AA28971}.Debug|Any CPU.Build.0 = Debug|Any CPU
		{E3F8F1B8-30D7-4116-852C-B2638AA28971}.Debug|x64.ActiveCfg = Debug|Any CPU
		{E3F8F1B8-30D7-4116-852C-B2638AA28971}.Debug|x64.Build.0 = Debug|Any CPU
		{E3F8F1B8-30D7-4116-852C-B2638AA28971}.Debug|x86.ActiveCfg = Debug|Any CPU
		{E3F8F1B8-30D7-4116-852C-B2638AA28971}.Debug|x86.Build.0 = Debug|Any CPU
		{E3F8F1B8-30D7-4116-852C-B2638AA28971}.Release|Any CPU.ActiveCfg = Release|Any CPU
		{E3F8F1B8-30D7-4116-852C-B2638AA28971}.Release|Any CPU.Build.0 = Release|Any CPU
		{E3F8F1B8-30D7-4116-852C-B2638AA28971}.Release|x64.ActiveCfg = Release|Any CPU
		{E3F8F1B8-30D7-4116-852C-B2638AA28971}.Release|x64.Build.0 = Release|Any CPU
		{E3F8F1B8-30D7-4116-852C-B2638AA28971}.Release|x86.ActiveCfg = Release|Any CPU
		{E3F8F1B8-30D7-4116-852C-B2638AA28971}.Release|x86.Build.0 = Release|Any CPU
		{B625A2FF-F6AF-467A-8596-EB92CDA5CC17}.Debug|Any CPU.ActiveCfg = Debug|Any CPU
		{B625A2FF-F6AF-467A-8596-EB92CDA5CC17}.Debug|Any CPU.Build.0 = Debug|Any CPU
		{B625A2FF-F6AF-467A-8596-EB92CDA5CC17}.Debug|x64.ActiveCfg = Debug|Any CPU
		{B625A2FF-F6AF-467A-8596-EB92CDA5CC17}.Debug|x64.Build.0 = Debug|Any CPU
		{B625A2FF-F6AF-467A-8596-EB92CDA5CC17}.Debug|x86.ActiveCfg = Debug|Any CPU
		{B625A2FF-F6AF-467A-8596-EB92CDA5CC17}.Debug|x86.Build.0 = Debug|Any CPU
		{B625A2FF-F6AF-467A-8596-EB92CDA5CC17}.Release|Any CPU.ActiveCfg = Release|Any CPU
		{B625A2FF-F6AF-467A-8596-EB92CDA5CC17}.Release|Any CPU.Build.0 = Release|Any CPU
		{B625A2FF-F6AF-467A-8596-EB92CDA5CC17}.Release|x64.ActiveCfg = Release|Any CPU
		{B625A2FF-F6AF-467A-8596-EB92CDA5CC17}.Release|x64.Build.0 = Release|Any CPU
		{B625A2FF-F6AF-467A-8596-EB92CDA5CC17}.Release|x86.ActiveCfg = Release|Any CPU
		{B625A2FF-F6AF-467A-8596-EB92CDA5CC17}.Release|x86.Build.0 = Release|Any CPU
		{9E392E7E-F01B-42A6-9CA6-DFD911559CDD}.Debug|Any CPU.ActiveCfg = Debug|Any CPU
		{9E392E7E-F01B-42A6-9CA6-DFD911559CDD}.Debug|Any CPU.Build.0 = Debug|Any CPU
		{9E392E7E-F01B-42A6-9CA6-DFD911559CDD}.Debug|x64.ActiveCfg = Debug|Any CPU
		{9E392E7E-F01B-42A6-9CA6-DFD911559CDD}.Debug|x64.Build.0 = Debug|Any CPU
		{9E392E7E-F01B-42A6-9CA6-DFD911559CDD}.Debug|x86.ActiveCfg = Debug|Any CPU
		{9E392E7E-F01B-42A6-9CA6-DFD911559CDD}.Debug|x86.Build.0 = Debug|Any CPU
		{9E392E7E-F01B-42A6-9CA6-DFD911559CDD}.Release|Any CPU.ActiveCfg = Release|Any CPU
		{9E392E7E-F01B-42A6-9CA6-DFD911559CDD}.Release|Any CPU.Build.0 = Release|Any CPU
		{9E392E7E-F01B-42A6-9CA6-DFD911559CDD}.Release|x64.ActiveCfg = Release|Any CPU
		{9E392E7E-F01B-42A6-9CA6-DFD911559CDD}.Release|x64.Build.0 = Release|Any CPU
		{9E392E7E-F01B-42A6-9CA6-DFD911559CDD}.Release|x86.ActiveCfg = Release|Any CPU
		{9E392E7E-F01B-42A6-9CA6-DFD911559CDD}.Release|x86.Build.0 = Release|Any CPU
		{A810CCAE-5B18-4D6E-8354-665DC0A33F79}.Debug|Any CPU.ActiveCfg = Debug|Any CPU
		{A810CCAE-5B18-4D6E-8354-665DC0A33F79}.Debug|Any CPU.Build.0 = Debug|Any CPU
		{A810CCAE-5B18-4D6E-8354-665DC0A33F79}.Debug|x64.ActiveCfg = Debug|Any CPU
		{A810CCAE-5B18-4D6E-8354-665DC0A33F79}.Debug|x64.Build.0 = Debug|Any CPU
		{A810CCAE-5B18-4D6E-8354-665DC0A33F79}.Debug|x86.ActiveCfg = Debug|Any CPU
		{A810CCAE-5B18-4D6E-8354-665DC0A33F79}.Debug|x86.Build.0 = Debug|Any CPU
		{A810CCAE-5B18-4D6E-8354-665DC0A33F79}.Release|Any CPU.ActiveCfg = Release|Any CPU
		{A810CCAE-5B18-4D6E-8354-665DC0A33F79}.Release|Any CPU.Build.0 = Release|Any CPU
		{A810CCAE-5B18-4D6E-8354-665DC0A33F79}.Release|x64.ActiveCfg = Release|Any CPU
		{A810CCAE-5B18-4D6E-8354-665DC0A33F79}.Release|x64.Build.0 = Release|Any CPU
		{A810CCAE-5B18-4D6E-8354-665DC0A33F79}.Release|x86.ActiveCfg = Release|Any CPU
		{A810CCAE-5B18-4D6E-8354-665DC0A33F79}.Release|x86.Build.0 = Release|Any CPU
		{BFF7B10B-B469-4512-8E04-12DD5B09239B}.Debug|Any CPU.ActiveCfg = Debug|Any CPU
		{BFF7B10B-B469-4512-8E04-12DD5B09239B}.Debug|Any CPU.Build.0 = Debug|Any CPU
		{BFF7B10B-B469-4512-8E04-12DD5B09239B}.Debug|x64.ActiveCfg = Debug|Any CPU
		{BFF7B10B-B469-4512-8E04-12DD5B09239B}.Debug|x64.Build.0 = Debug|Any CPU
		{BFF7B10B-B469-4512-8E04-12DD5B09239B}.Debug|x86.ActiveCfg = Debug|Any CPU
		{BFF7B10B-B469-4512-8E04-12DD5B09239B}.Debug|x86.Build.0 = Debug|Any CPU
		{BFF7B10B-B469-4512-8E04-12DD5B09239B}.Release|Any CPU.ActiveCfg = Release|Any CPU
		{BFF7B10B-B469-4512-8E04-12DD5B09239B}.Release|Any CPU.Build.0 = Release|Any CPU
		{BFF7B10B-B469-4512-8E04-12DD5B09239B}.Release|x64.ActiveCfg = Release|Any CPU
		{BFF7B10B-B469-4512-8E04-12DD5B09239B}.Release|x64.Build.0 = Release|Any CPU
		{BFF7B10B-B469-4512-8E04-12DD5B09239B}.Release|x86.ActiveCfg = Release|Any CPU
		{BFF7B10B-B469-4512-8E04-12DD5B09239B}.Release|x86.Build.0 = Release|Any CPU
		{17D674D3-1FB6-4E7B-8A74-63509B719083}.Debug|Any CPU.ActiveCfg = Debug|Any CPU
		{17D674D3-1FB6-4E7B-8A74-63509B719083}.Debug|Any CPU.Build.0 = Debug|Any CPU
		{17D674D3-1FB6-4E7B-8A74-63509B719083}.Debug|x64.ActiveCfg = Debug|Any CPU
		{17D674D3-1FB6-4E7B-8A74-63509B719083}.Debug|x64.Build.0 = Debug|Any CPU
		{17D674D3-1FB6-4E7B-8A74-63509B719083}.Debug|x86.ActiveCfg = Debug|Any CPU
		{17D674D3-1FB6-4E7B-8A74-63509B719083}.Debug|x86.Build.0 = Debug|Any CPU
		{17D674D3-1FB6-4E7B-8A74-63509B719083}.Release|Any CPU.ActiveCfg = Release|Any CPU
		{17D674D3-1FB6-4E7B-8A74-63509B719083}.Release|Any CPU.Build.0 = Release|Any CPU
		{17D674D3-1FB6-4E7B-8A74-63509B719083}.Release|x64.ActiveCfg = Release|Any CPU
		{17D674D3-1FB6-4E7B-8A74-63509B719083}.Release|x64.Build.0 = Release|Any CPU
		{17D674D3-1FB6-4E7B-8A74-63509B719083}.Release|x86.ActiveCfg = Release|Any CPU
		{17D674D3-1FB6-4E7B-8A74-63509B719083}.Release|x86.Build.0 = Release|Any CPU
		{46F21E36-52D3-46C9-A0B2-4EA14A0CD660}.Debug|Any CPU.ActiveCfg = Debug|Any CPU
		{46F21E36-52D3-46C9-A0B2-4EA14A0CD660}.Debug|Any CPU.Build.0 = Debug|Any CPU
		{46F21E36-52D3-46C9-A0B2-4EA14A0CD660}.Debug|x64.ActiveCfg = Debug|Any CPU
		{46F21E36-52D3-46C9-A0B2-4EA14A0CD660}.Debug|x64.Build.0 = Debug|Any CPU
		{46F21E36-52D3-46C9-A0B2-4EA14A0CD660}.Debug|x86.ActiveCfg = Debug|Any CPU
		{46F21E36-52D3-46C9-A0B2-4EA14A0CD660}.Debug|x86.Build.0 = Debug|Any CPU
		{46F21E36-52D3-46C9-A0B2-4EA14A0CD660}.Release|Any CPU.ActiveCfg = Release|Any CPU
		{46F21E36-52D3-46C9-A0B2-4EA14A0CD660}.Release|Any CPU.Build.0 = Release|Any CPU
		{46F21E36-52D3-46C9-A0B2-4EA14A0CD660}.Release|x64.ActiveCfg = Release|Any CPU
		{46F21E36-52D3-46C9-A0B2-4EA14A0CD660}.Release|x64.Build.0 = Release|Any CPU
		{46F21E36-52D3-46C9-A0B2-4EA14A0CD660}.Release|x86.ActiveCfg = Release|Any CPU
		{46F21E36-52D3-46C9-A0B2-4EA14A0CD660}.Release|x86.Build.0 = Release|Any CPU
		{3F7F85F1-2CF3-46EF-B919-470CF723560B}.Debug|Any CPU.ActiveCfg = Debug|Any CPU
		{3F7F85F1-2CF3-46EF-B919-470CF723560B}.Debug|Any CPU.Build.0 = Debug|Any CPU
		{3F7F85F1-2CF3-46EF-B919-470CF723560B}.Debug|x64.ActiveCfg = Debug|Any CPU
		{3F7F85F1-2CF3-46EF-B919-470CF723560B}.Debug|x64.Build.0 = Debug|Any CPU
		{3F7F85F1-2CF3-46EF-B919-470CF723560B}.Debug|x86.ActiveCfg = Debug|Any CPU
		{3F7F85F1-2CF3-46EF-B919-470CF723560B}.Debug|x86.Build.0 = Debug|Any CPU
		{3F7F85F1-2CF3-46EF-B919-470CF723560B}.Release|Any CPU.ActiveCfg = Release|Any CPU
		{3F7F85F1-2CF3-46EF-B919-470CF723560B}.Release|Any CPU.Build.0 = Release|Any CPU
		{3F7F85F1-2CF3-46EF-B919-470CF723560B}.Release|x64.ActiveCfg = Release|Any CPU
		{3F7F85F1-2CF3-46EF-B919-470CF723560B}.Release|x64.Build.0 = Release|Any CPU
		{3F7F85F1-2CF3-46EF-B919-470CF723560B}.Release|x86.ActiveCfg = Release|Any CPU
		{3F7F85F1-2CF3-46EF-B919-470CF723560B}.Release|x86.Build.0 = Release|Any CPU
		{619D6BA4-5CF7-4CDE-A84C-A3D1159DEB1A}.Debug|Any CPU.ActiveCfg = Debug|Any CPU
		{619D6BA4-5CF7-4CDE-A84C-A3D1159DEB1A}.Debug|Any CPU.Build.0 = Debug|Any CPU
		{619D6BA4-5CF7-4CDE-A84C-A3D1159DEB1A}.Debug|x64.ActiveCfg = Debug|Any CPU
		{619D6BA4-5CF7-4CDE-A84C-A3D1159DEB1A}.Debug|x64.Build.0 = Debug|Any CPU
		{619D6BA4-5CF7-4CDE-A84C-A3D1159DEB1A}.Debug|x86.ActiveCfg = Debug|Any CPU
		{619D6BA4-5CF7-4CDE-A84C-A3D1159DEB1A}.Debug|x86.Build.0 = Debug|Any CPU
		{619D6BA4-5CF7-4CDE-A84C-A3D1159DEB1A}.Release|Any CPU.ActiveCfg = Release|Any CPU
		{619D6BA4-5CF7-4CDE-A84C-A3D1159DEB1A}.Release|Any CPU.Build.0 = Release|Any CPU
		{619D6BA4-5CF7-4CDE-A84C-A3D1159DEB1A}.Release|x64.ActiveCfg = Release|Any CPU
		{619D6BA4-5CF7-4CDE-A84C-A3D1159DEB1A}.Release|x64.Build.0 = Release|Any CPU
		{619D6BA4-5CF7-4CDE-A84C-A3D1159DEB1A}.Release|x86.ActiveCfg = Release|Any CPU
		{619D6BA4-5CF7-4CDE-A84C-A3D1159DEB1A}.Release|x86.Build.0 = Release|Any CPU
		{4CE42414-7F38-419B-B02F-D6F64057486F}.Debug|Any CPU.ActiveCfg = Debug|Any CPU
		{4CE42414-7F38-419B-B02F-D6F64057486F}.Debug|Any CPU.Build.0 = Debug|Any CPU
		{4CE42414-7F38-419B-B02F-D6F64057486F}.Debug|x64.ActiveCfg = Debug|Any CPU
		{4CE42414-7F38-419B-B02F-D6F64057486F}.Debug|x64.Build.0 = Debug|Any CPU
		{4CE42414-7F38-419B-B02F-D6F64057486F}.Debug|x86.ActiveCfg = Debug|Any CPU
		{4CE42414-7F38-419B-B02F-D6F64057486F}.Debug|x86.Build.0 = Debug|Any CPU
		{4CE42414-7F38-419B-B02F-D6F64057486F}.Release|Any CPU.ActiveCfg = Release|Any CPU
		{4CE42414-7F38-419B-B02F-D6F64057486F}.Release|Any CPU.Build.0 = Release|Any CPU
		{4CE42414-7F38-419B-B02F-D6F64057486F}.Release|x64.ActiveCfg = Release|Any CPU
		{4CE42414-7F38-419B-B02F-D6F64057486F}.Release|x64.Build.0 = Release|Any CPU
		{4CE42414-7F38-419B-B02F-D6F64057486F}.Release|x86.ActiveCfg = Release|Any CPU
		{4CE42414-7F38-419B-B02F-D6F64057486F}.Release|x86.Build.0 = Release|Any CPU
		{300A1DAE-1C9F-4DD5-A656-D7CFA7114826}.Debug|Any CPU.ActiveCfg = Debug|Any CPU
		{300A1DAE-1C9F-4DD5-A656-D7CFA7114826}.Debug|Any CPU.Build.0 = Debug|Any CPU
		{300A1DAE-1C9F-4DD5-A656-D7CFA7114826}.Debug|x64.ActiveCfg = Debug|Any CPU
		{300A1DAE-1C9F-4DD5-A656-D7CFA7114826}.Debug|x64.Build.0 = Debug|Any CPU
		{300A1DAE-1C9F-4DD5-A656-D7CFA7114826}.Debug|x86.ActiveCfg = Debug|Any CPU
		{300A1DAE-1C9F-4DD5-A656-D7CFA7114826}.Debug|x86.Build.0 = Debug|Any CPU
		{300A1DAE-1C9F-4DD5-A656-D7CFA7114826}.Release|Any CPU.ActiveCfg = Release|Any CPU
		{300A1DAE-1C9F-4DD5-A656-D7CFA7114826}.Release|Any CPU.Build.0 = Release|Any CPU
		{300A1DAE-1C9F-4DD5-A656-D7CFA7114826}.Release|x64.ActiveCfg = Release|Any CPU
		{300A1DAE-1C9F-4DD5-A656-D7CFA7114826}.Release|x64.Build.0 = Release|Any CPU
		{300A1DAE-1C9F-4DD5-A656-D7CFA7114826}.Release|x86.ActiveCfg = Release|Any CPU
		{300A1DAE-1C9F-4DD5-A656-D7CFA7114826}.Release|x86.Build.0 = Release|Any CPU
		{545BC086-C2E1-49CA-B566-C7BF1F7F2EC2}.Debug|Any CPU.ActiveCfg = Debug|Any CPU
		{545BC086-C2E1-49CA-B566-C7BF1F7F2EC2}.Debug|Any CPU.Build.0 = Debug|Any CPU
		{545BC086-C2E1-49CA-B566-C7BF1F7F2EC2}.Debug|x64.ActiveCfg = Debug|Any CPU
		{545BC086-C2E1-49CA-B566-C7BF1F7F2EC2}.Debug|x64.Build.0 = Debug|Any CPU
		{545BC086-C2E1-49CA-B566-C7BF1F7F2EC2}.Debug|x86.ActiveCfg = Debug|Any CPU
		{545BC086-C2E1-49CA-B566-C7BF1F7F2EC2}.Debug|x86.Build.0 = Debug|Any CPU
		{545BC086-C2E1-49CA-B566-C7BF1F7F2EC2}.Release|Any CPU.ActiveCfg = Release|Any CPU
		{545BC086-C2E1-49CA-B566-C7BF1F7F2EC2}.Release|Any CPU.Build.0 = Release|Any CPU
		{545BC086-C2E1-49CA-B566-C7BF1F7F2EC2}.Release|x64.ActiveCfg = Release|Any CPU
		{545BC086-C2E1-49CA-B566-C7BF1F7F2EC2}.Release|x64.Build.0 = Release|Any CPU
		{545BC086-C2E1-49CA-B566-C7BF1F7F2EC2}.Release|x86.ActiveCfg = Release|Any CPU
		{545BC086-C2E1-49CA-B566-C7BF1F7F2EC2}.Release|x86.Build.0 = Release|Any CPU
		{11A022CB-F92C-41D7-80CF-50C6492606B3}.Debug|Any CPU.ActiveCfg = Debug|Any CPU
		{11A022CB-F92C-41D7-80CF-50C6492606B3}.Debug|Any CPU.Build.0 = Debug|Any CPU
		{11A022CB-F92C-41D7-80CF-50C6492606B3}.Debug|x64.ActiveCfg = Debug|Any CPU
		{11A022CB-F92C-41D7-80CF-50C6492606B3}.Debug|x64.Build.0 = Debug|Any CPU
		{11A022CB-F92C-41D7-80CF-50C6492606B3}.Debug|x86.ActiveCfg = Debug|Any CPU
		{11A022CB-F92C-41D7-80CF-50C6492606B3}.Debug|x86.Build.0 = Debug|Any CPU
		{11A022CB-F92C-41D7-80CF-50C6492606B3}.Release|Any CPU.ActiveCfg = Release|Any CPU
		{11A022CB-F92C-41D7-80CF-50C6492606B3}.Release|Any CPU.Build.0 = Release|Any CPU
		{11A022CB-F92C-41D7-80CF-50C6492606B3}.Release|x64.ActiveCfg = Release|Any CPU
		{11A022CB-F92C-41D7-80CF-50C6492606B3}.Release|x64.Build.0 = Release|Any CPU
		{11A022CB-F92C-41D7-80CF-50C6492606B3}.Release|x86.ActiveCfg = Release|Any CPU
		{11A022CB-F92C-41D7-80CF-50C6492606B3}.Release|x86.Build.0 = Release|Any CPU
		{7AF64330-00BC-4CD6-B27E-648DF30C6770}.Debug|Any CPU.ActiveCfg = Debug|Any CPU
		{7AF64330-00BC-4CD6-B27E-648DF30C6770}.Debug|Any CPU.Build.0 = Debug|Any CPU
		{7AF64330-00BC-4CD6-B27E-648DF30C6770}.Debug|x64.ActiveCfg = Debug|Any CPU
		{7AF64330-00BC-4CD6-B27E-648DF30C6770}.Debug|x64.Build.0 = Debug|Any CPU
		{7AF64330-00BC-4CD6-B27E-648DF30C6770}.Debug|x86.ActiveCfg = Debug|Any CPU
		{7AF64330-00BC-4CD6-B27E-648DF30C6770}.Debug|x86.Build.0 = Debug|Any CPU
		{7AF64330-00BC-4CD6-B27E-648DF30C6770}.Release|Any CPU.ActiveCfg = Release|Any CPU
		{7AF64330-00BC-4CD6-B27E-648DF30C6770}.Release|Any CPU.Build.0 = Release|Any CPU
		{7AF64330-00BC-4CD6-B27E-648DF30C6770}.Release|x64.ActiveCfg = Release|Any CPU
		{7AF64330-00BC-4CD6-B27E-648DF30C6770}.Release|x64.Build.0 = Release|Any CPU
		{7AF64330-00BC-4CD6-B27E-648DF30C6770}.Release|x86.ActiveCfg = Release|Any CPU
		{7AF64330-00BC-4CD6-B27E-648DF30C6770}.Release|x86.Build.0 = Release|Any CPU
		{16F43C20-38A5-4914-8E4C-BDDB91ED1314}.Debug|Any CPU.ActiveCfg = Debug|Any CPU
		{16F43C20-38A5-4914-8E4C-BDDB91ED1314}.Debug|Any CPU.Build.0 = Debug|Any CPU
		{16F43C20-38A5-4914-8E4C-BDDB91ED1314}.Debug|x64.ActiveCfg = Debug|Any CPU
		{16F43C20-38A5-4914-8E4C-BDDB91ED1314}.Debug|x64.Build.0 = Debug|Any CPU
		{16F43C20-38A5-4914-8E4C-BDDB91ED1314}.Debug|x86.ActiveCfg = Debug|Any CPU
		{16F43C20-38A5-4914-8E4C-BDDB91ED1314}.Debug|x86.Build.0 = Debug|Any CPU
		{16F43C20-38A5-4914-8E4C-BDDB91ED1314}.Release|Any CPU.ActiveCfg = Release|Any CPU
		{16F43C20-38A5-4914-8E4C-BDDB91ED1314}.Release|Any CPU.Build.0 = Release|Any CPU
		{16F43C20-38A5-4914-8E4C-BDDB91ED1314}.Release|x64.ActiveCfg = Release|Any CPU
		{16F43C20-38A5-4914-8E4C-BDDB91ED1314}.Release|x64.Build.0 = Release|Any CPU
		{16F43C20-38A5-4914-8E4C-BDDB91ED1314}.Release|x86.ActiveCfg = Release|Any CPU
		{16F43C20-38A5-4914-8E4C-BDDB91ED1314}.Release|x86.Build.0 = Release|Any CPU
		{B9C6EBFB-C42D-451D-A772-0530E38474CE}.Debug|Any CPU.ActiveCfg = Debug|Any CPU
		{B9C6EBFB-C42D-451D-A772-0530E38474CE}.Debug|Any CPU.Build.0 = Debug|Any CPU
		{B9C6EBFB-C42D-451D-A772-0530E38474CE}.Debug|x64.ActiveCfg = Debug|Any CPU
		{B9C6EBFB-C42D-451D-A772-0530E38474CE}.Debug|x64.Build.0 = Debug|Any CPU
		{B9C6EBFB-C42D-451D-A772-0530E38474CE}.Debug|x86.ActiveCfg = Debug|Any CPU
		{B9C6EBFB-C42D-451D-A772-0530E38474CE}.Debug|x86.Build.0 = Debug|Any CPU
		{B9C6EBFB-C42D-451D-A772-0530E38474CE}.Release|Any CPU.ActiveCfg = Release|Any CPU
		{B9C6EBFB-C42D-451D-A772-0530E38474CE}.Release|Any CPU.Build.0 = Release|Any CPU
		{B9C6EBFB-C42D-451D-A772-0530E38474CE}.Release|x64.ActiveCfg = Release|Any CPU
		{B9C6EBFB-C42D-451D-A772-0530E38474CE}.Release|x64.Build.0 = Release|Any CPU
		{B9C6EBFB-C42D-451D-A772-0530E38474CE}.Release|x86.ActiveCfg = Release|Any CPU
		{B9C6EBFB-C42D-451D-A772-0530E38474CE}.Release|x86.Build.0 = Release|Any CPU
		{BAE3D776-11C3-412C-8627-D7BE19EC4A84}.Debug|Any CPU.ActiveCfg = Debug|Any CPU
		{BAE3D776-11C3-412C-8627-D7BE19EC4A84}.Debug|Any CPU.Build.0 = Debug|Any CPU
		{BAE3D776-11C3-412C-8627-D7BE19EC4A84}.Debug|x64.ActiveCfg = Debug|Any CPU
		{BAE3D776-11C3-412C-8627-D7BE19EC4A84}.Debug|x64.Build.0 = Debug|Any CPU
		{BAE3D776-11C3-412C-8627-D7BE19EC4A84}.Debug|x86.ActiveCfg = Debug|Any CPU
		{BAE3D776-11C3-412C-8627-D7BE19EC4A84}.Debug|x86.Build.0 = Debug|Any CPU
		{BAE3D776-11C3-412C-8627-D7BE19EC4A84}.Release|Any CPU.ActiveCfg = Release|Any CPU
		{BAE3D776-11C3-412C-8627-D7BE19EC4A84}.Release|Any CPU.Build.0 = Release|Any CPU
		{BAE3D776-11C3-412C-8627-D7BE19EC4A84}.Release|x64.ActiveCfg = Release|Any CPU
		{BAE3D776-11C3-412C-8627-D7BE19EC4A84}.Release|x64.Build.0 = Release|Any CPU
		{BAE3D776-11C3-412C-8627-D7BE19EC4A84}.Release|x86.ActiveCfg = Release|Any CPU
		{BAE3D776-11C3-412C-8627-D7BE19EC4A84}.Release|x86.Build.0 = Release|Any CPU
		{0950185D-7962-4480-875C-F09E4054FD78}.Debug|Any CPU.ActiveCfg = Debug|Any CPU
		{0950185D-7962-4480-875C-F09E4054FD78}.Debug|Any CPU.Build.0 = Debug|Any CPU
		{0950185D-7962-4480-875C-F09E4054FD78}.Debug|x64.ActiveCfg = Debug|Any CPU
		{0950185D-7962-4480-875C-F09E4054FD78}.Debug|x64.Build.0 = Debug|Any CPU
		{0950185D-7962-4480-875C-F09E4054FD78}.Debug|x86.ActiveCfg = Debug|Any CPU
		{0950185D-7962-4480-875C-F09E4054FD78}.Debug|x86.Build.0 = Debug|Any CPU
		{0950185D-7962-4480-875C-F09E4054FD78}.Release|Any CPU.ActiveCfg = Release|Any CPU
		{0950185D-7962-4480-875C-F09E4054FD78}.Release|Any CPU.Build.0 = Release|Any CPU
		{0950185D-7962-4480-875C-F09E4054FD78}.Release|x64.ActiveCfg = Release|Any CPU
		{0950185D-7962-4480-875C-F09E4054FD78}.Release|x64.Build.0 = Release|Any CPU
		{0950185D-7962-4480-875C-F09E4054FD78}.Release|x86.ActiveCfg = Release|Any CPU
		{0950185D-7962-4480-875C-F09E4054FD78}.Release|x86.Build.0 = Release|Any CPU
		{DCED5314-B57E-4884-B7CA-A7303E1D0C72}.Debug|Any CPU.ActiveCfg = Debug|Any CPU
		{DCED5314-B57E-4884-B7CA-A7303E1D0C72}.Debug|Any CPU.Build.0 = Debug|Any CPU
		{DCED5314-B57E-4884-B7CA-A7303E1D0C72}.Debug|x64.ActiveCfg = Debug|Any CPU
		{DCED5314-B57E-4884-B7CA-A7303E1D0C72}.Debug|x64.Build.0 = Debug|Any CPU
		{DCED5314-B57E-4884-B7CA-A7303E1D0C72}.Debug|x86.ActiveCfg = Debug|Any CPU
		{DCED5314-B57E-4884-B7CA-A7303E1D0C72}.Debug|x86.Build.0 = Debug|Any CPU
		{DCED5314-B57E-4884-B7CA-A7303E1D0C72}.Release|Any CPU.ActiveCfg = Release|Any CPU
		{DCED5314-B57E-4884-B7CA-A7303E1D0C72}.Release|Any CPU.Build.0 = Release|Any CPU
		{DCED5314-B57E-4884-B7CA-A7303E1D0C72}.Release|x64.ActiveCfg = Release|Any CPU
		{DCED5314-B57E-4884-B7CA-A7303E1D0C72}.Release|x64.Build.0 = Release|Any CPU
		{DCED5314-B57E-4884-B7CA-A7303E1D0C72}.Release|x86.ActiveCfg = Release|Any CPU
		{DCED5314-B57E-4884-B7CA-A7303E1D0C72}.Release|x86.Build.0 = Release|Any CPU
		{68D4BE32-FCD5-41D3-83D6-0919713A3EF0}.Debug|Any CPU.ActiveCfg = Debug|Any CPU
		{68D4BE32-FCD5-41D3-83D6-0919713A3EF0}.Debug|Any CPU.Build.0 = Debug|Any CPU
		{68D4BE32-FCD5-41D3-83D6-0919713A3EF0}.Debug|x64.ActiveCfg = Debug|Any CPU
		{68D4BE32-FCD5-41D3-83D6-0919713A3EF0}.Debug|x64.Build.0 = Debug|Any CPU
		{68D4BE32-FCD5-41D3-83D6-0919713A3EF0}.Debug|x86.ActiveCfg = Debug|Any CPU
		{68D4BE32-FCD5-41D3-83D6-0919713A3EF0}.Debug|x86.Build.0 = Debug|Any CPU
		{68D4BE32-FCD5-41D3-83D6-0919713A3EF0}.Release|Any CPU.ActiveCfg = Release|Any CPU
		{68D4BE32-FCD5-41D3-83D6-0919713A3EF0}.Release|Any CPU.Build.0 = Release|Any CPU
		{68D4BE32-FCD5-41D3-83D6-0919713A3EF0}.Release|x64.ActiveCfg = Release|Any CPU
		{68D4BE32-FCD5-41D3-83D6-0919713A3EF0}.Release|x64.Build.0 = Release|Any CPU
		{68D4BE32-FCD5-41D3-83D6-0919713A3EF0}.Release|x86.ActiveCfg = Release|Any CPU
		{68D4BE32-FCD5-41D3-83D6-0919713A3EF0}.Release|x86.Build.0 = Release|Any CPU
		{A61524AF-AF0A-4461-8F27-41A025C80736}.Debug|Any CPU.ActiveCfg = Debug|Any CPU
		{A61524AF-AF0A-4461-8F27-41A025C80736}.Debug|Any CPU.Build.0 = Debug|Any CPU
		{A61524AF-AF0A-4461-8F27-41A025C80736}.Debug|x64.ActiveCfg = Debug|Any CPU
		{A61524AF-AF0A-4461-8F27-41A025C80736}.Debug|x64.Build.0 = Debug|Any CPU
		{A61524AF-AF0A-4461-8F27-41A025C80736}.Debug|x86.ActiveCfg = Debug|Any CPU
		{A61524AF-AF0A-4461-8F27-41A025C80736}.Debug|x86.Build.0 = Debug|Any CPU
		{A61524AF-AF0A-4461-8F27-41A025C80736}.Release|Any CPU.ActiveCfg = Release|Any CPU
		{A61524AF-AF0A-4461-8F27-41A025C80736}.Release|Any CPU.Build.0 = Release|Any CPU
		{A61524AF-AF0A-4461-8F27-41A025C80736}.Release|x64.ActiveCfg = Release|Any CPU
		{A61524AF-AF0A-4461-8F27-41A025C80736}.Release|x64.Build.0 = Release|Any CPU
		{A61524AF-AF0A-4461-8F27-41A025C80736}.Release|x86.ActiveCfg = Release|Any CPU
		{A61524AF-AF0A-4461-8F27-41A025C80736}.Release|x86.Build.0 = Release|Any CPU
		{ABE6E00F-0A6D-4E0E-8DA5-8889C589DE16}.Debug|Any CPU.ActiveCfg = Debug|Any CPU
		{ABE6E00F-0A6D-4E0E-8DA5-8889C589DE16}.Debug|Any CPU.Build.0 = Debug|Any CPU
		{ABE6E00F-0A6D-4E0E-8DA5-8889C589DE16}.Debug|x64.ActiveCfg = Debug|Any CPU
		{ABE6E00F-0A6D-4E0E-8DA5-8889C589DE16}.Debug|x64.Build.0 = Debug|Any CPU
		{ABE6E00F-0A6D-4E0E-8DA5-8889C589DE16}.Debug|x86.ActiveCfg = Debug|Any CPU
		{ABE6E00F-0A6D-4E0E-8DA5-8889C589DE16}.Debug|x86.Build.0 = Debug|Any CPU
		{ABE6E00F-0A6D-4E0E-8DA5-8889C589DE16}.Release|Any CPU.ActiveCfg = Release|Any CPU
		{ABE6E00F-0A6D-4E0E-8DA5-8889C589DE16}.Release|Any CPU.Build.0 = Release|Any CPU
		{ABE6E00F-0A6D-4E0E-8DA5-8889C589DE16}.Release|x64.ActiveCfg = Release|Any CPU
		{ABE6E00F-0A6D-4E0E-8DA5-8889C589DE16}.Release|x64.Build.0 = Release|Any CPU
		{ABE6E00F-0A6D-4E0E-8DA5-8889C589DE16}.Release|x86.ActiveCfg = Release|Any CPU
		{ABE6E00F-0A6D-4E0E-8DA5-8889C589DE16}.Release|x86.Build.0 = Release|Any CPU
		{3A97A0BE-E490-4D80-A82B-D85CC993383B}.Debug|Any CPU.ActiveCfg = Debug|Any CPU
		{3A97A0BE-E490-4D80-A82B-D85CC993383B}.Debug|Any CPU.Build.0 = Debug|Any CPU
		{3A97A0BE-E490-4D80-A82B-D85CC993383B}.Debug|x64.ActiveCfg = Debug|Any CPU
		{3A97A0BE-E490-4D80-A82B-D85CC993383B}.Debug|x64.Build.0 = Debug|Any CPU
		{3A97A0BE-E490-4D80-A82B-D85CC993383B}.Debug|x86.ActiveCfg = Debug|Any CPU
		{3A97A0BE-E490-4D80-A82B-D85CC993383B}.Debug|x86.Build.0 = Debug|Any CPU
		{3A97A0BE-E490-4D80-A82B-D85CC993383B}.Release|Any CPU.ActiveCfg = Release|Any CPU
		{3A97A0BE-E490-4D80-A82B-D85CC993383B}.Release|Any CPU.Build.0 = Release|Any CPU
		{3A97A0BE-E490-4D80-A82B-D85CC993383B}.Release|x64.ActiveCfg = Release|Any CPU
		{3A97A0BE-E490-4D80-A82B-D85CC993383B}.Release|x64.Build.0 = Release|Any CPU
		{3A97A0BE-E490-4D80-A82B-D85CC993383B}.Release|x86.ActiveCfg = Release|Any CPU
		{3A97A0BE-E490-4D80-A82B-D85CC993383B}.Release|x86.Build.0 = Release|Any CPU
		{1365D84B-BF2B-4A79-9736-9694C0D8F2B2}.Debug|Any CPU.ActiveCfg = Debug|x64
		{1365D84B-BF2B-4A79-9736-9694C0D8F2B2}.Debug|Any CPU.Build.0 = Debug|x64
		{1365D84B-BF2B-4A79-9736-9694C0D8F2B2}.Debug|x64.ActiveCfg = Debug|x64
		{1365D84B-BF2B-4A79-9736-9694C0D8F2B2}.Debug|x64.Build.0 = Debug|x64
		{1365D84B-BF2B-4A79-9736-9694C0D8F2B2}.Debug|x86.ActiveCfg = Debug|x64
		{1365D84B-BF2B-4A79-9736-9694C0D8F2B2}.Debug|x86.Build.0 = Debug|x64
		{1365D84B-BF2B-4A79-9736-9694C0D8F2B2}.Release|Any CPU.ActiveCfg = Release|x64
		{1365D84B-BF2B-4A79-9736-9694C0D8F2B2}.Release|Any CPU.Build.0 = Release|x64
		{1365D84B-BF2B-4A79-9736-9694C0D8F2B2}.Release|x64.ActiveCfg = Release|x64
		{1365D84B-BF2B-4A79-9736-9694C0D8F2B2}.Release|x64.Build.0 = Release|x64
		{1365D84B-BF2B-4A79-9736-9694C0D8F2B2}.Release|x86.ActiveCfg = Release|x64
		{1365D84B-BF2B-4A79-9736-9694C0D8F2B2}.Release|x86.Build.0 = Release|x64
		{867D3D8E-7651-4279-9BC8-553F5B9883F9}.Debug|Any CPU.ActiveCfg = Debug|x64
		{867D3D8E-7651-4279-9BC8-553F5B9883F9}.Debug|Any CPU.Build.0 = Debug|x64
		{867D3D8E-7651-4279-9BC8-553F5B9883F9}.Debug|x64.ActiveCfg = Debug|x64
		{867D3D8E-7651-4279-9BC8-553F5B9883F9}.Debug|x64.Build.0 = Debug|x64
		{867D3D8E-7651-4279-9BC8-553F5B9883F9}.Debug|x86.ActiveCfg = Debug|x64
		{867D3D8E-7651-4279-9BC8-553F5B9883F9}.Debug|x86.Build.0 = Debug|x64
		{867D3D8E-7651-4279-9BC8-553F5B9883F9}.Release|Any CPU.ActiveCfg = Release|x64
		{867D3D8E-7651-4279-9BC8-553F5B9883F9}.Release|Any CPU.Build.0 = Release|x64
		{867D3D8E-7651-4279-9BC8-553F5B9883F9}.Release|x64.ActiveCfg = Release|x64
		{867D3D8E-7651-4279-9BC8-553F5B9883F9}.Release|x64.Build.0 = Release|x64
		{867D3D8E-7651-4279-9BC8-553F5B9883F9}.Release|x86.ActiveCfg = Release|x64
		{867D3D8E-7651-4279-9BC8-553F5B9883F9}.Release|x86.Build.0 = Release|x64
		{66546F32-B3E7-4FEB-B3B3-979C2F14CC65}.Debug|Any CPU.ActiveCfg = Debug|Any CPU
		{66546F32-B3E7-4FEB-B3B3-979C2F14CC65}.Debug|Any CPU.Build.0 = Debug|Any CPU
		{66546F32-B3E7-4FEB-B3B3-979C2F14CC65}.Debug|x64.ActiveCfg = Debug|Any CPU
		{66546F32-B3E7-4FEB-B3B3-979C2F14CC65}.Debug|x64.Build.0 = Debug|Any CPU
		{66546F32-B3E7-4FEB-B3B3-979C2F14CC65}.Debug|x86.ActiveCfg = Debug|Any CPU
		{66546F32-B3E7-4FEB-B3B3-979C2F14CC65}.Debug|x86.Build.0 = Debug|Any CPU
		{66546F32-B3E7-4FEB-B3B3-979C2F14CC65}.Release|Any CPU.ActiveCfg = Release|Any CPU
		{66546F32-B3E7-4FEB-B3B3-979C2F14CC65}.Release|Any CPU.Build.0 = Release|Any CPU
		{66546F32-B3E7-4FEB-B3B3-979C2F14CC65}.Release|x64.ActiveCfg = Release|Any CPU
		{66546F32-B3E7-4FEB-B3B3-979C2F14CC65}.Release|x64.Build.0 = Release|Any CPU
		{66546F32-B3E7-4FEB-B3B3-979C2F14CC65}.Release|x86.ActiveCfg = Release|Any CPU
		{66546F32-B3E7-4FEB-B3B3-979C2F14CC65}.Release|x86.Build.0 = Release|Any CPU
		{A79F4737-785F-4D54-A4C3-73CFA477C9D8}.Debug|Any CPU.ActiveCfg = Debug|Any CPU
		{A79F4737-785F-4D54-A4C3-73CFA477C9D8}.Debug|Any CPU.Build.0 = Debug|Any CPU
		{A79F4737-785F-4D54-A4C3-73CFA477C9D8}.Debug|x64.ActiveCfg = Debug|Any CPU
		{A79F4737-785F-4D54-A4C3-73CFA477C9D8}.Debug|x64.Build.0 = Debug|Any CPU
		{A79F4737-785F-4D54-A4C3-73CFA477C9D8}.Debug|x86.ActiveCfg = Debug|Any CPU
		{A79F4737-785F-4D54-A4C3-73CFA477C9D8}.Debug|x86.Build.0 = Debug|Any CPU
		{A79F4737-785F-4D54-A4C3-73CFA477C9D8}.Release|Any CPU.ActiveCfg = Release|Any CPU
		{A79F4737-785F-4D54-A4C3-73CFA477C9D8}.Release|Any CPU.Build.0 = Release|Any CPU
		{A79F4737-785F-4D54-A4C3-73CFA477C9D8}.Release|x64.ActiveCfg = Release|Any CPU
		{A79F4737-785F-4D54-A4C3-73CFA477C9D8}.Release|x64.Build.0 = Release|Any CPU
		{A79F4737-785F-4D54-A4C3-73CFA477C9D8}.Release|x86.ActiveCfg = Release|Any CPU
		{A79F4737-785F-4D54-A4C3-73CFA477C9D8}.Release|x86.Build.0 = Release|Any CPU
		{0FCE3414-12EE-4743-AFAE-C3A272893B11}.Debug|Any CPU.ActiveCfg = Debug|Any CPU
		{0FCE3414-12EE-4743-AFAE-C3A272893B11}.Debug|Any CPU.Build.0 = Debug|Any CPU
		{0FCE3414-12EE-4743-AFAE-C3A272893B11}.Debug|x64.ActiveCfg = Debug|Any CPU
		{0FCE3414-12EE-4743-AFAE-C3A272893B11}.Debug|x64.Build.0 = Debug|Any CPU
		{0FCE3414-12EE-4743-AFAE-C3A272893B11}.Debug|x86.ActiveCfg = Debug|Any CPU
		{0FCE3414-12EE-4743-AFAE-C3A272893B11}.Debug|x86.Build.0 = Debug|Any CPU
		{0FCE3414-12EE-4743-AFAE-C3A272893B11}.Release|Any CPU.ActiveCfg = Release|Any CPU
		{0FCE3414-12EE-4743-AFAE-C3A272893B11}.Release|Any CPU.Build.0 = Release|Any CPU
		{0FCE3414-12EE-4743-AFAE-C3A272893B11}.Release|x64.ActiveCfg = Release|Any CPU
		{0FCE3414-12EE-4743-AFAE-C3A272893B11}.Release|x64.Build.0 = Release|Any CPU
		{0FCE3414-12EE-4743-AFAE-C3A272893B11}.Release|x86.ActiveCfg = Release|Any CPU
		{0FCE3414-12EE-4743-AFAE-C3A272893B11}.Release|x86.Build.0 = Release|Any CPU
		{042C9FAF-C2A2-4FD6-AFC1-7CFD96B022BF}.Debug|Any CPU.ActiveCfg = Debug|Any CPU
		{042C9FAF-C2A2-4FD6-AFC1-7CFD96B022BF}.Debug|Any CPU.Build.0 = Debug|Any CPU
		{042C9FAF-C2A2-4FD6-AFC1-7CFD96B022BF}.Debug|x64.ActiveCfg = Debug|Any CPU
		{042C9FAF-C2A2-4FD6-AFC1-7CFD96B022BF}.Debug|x64.Build.0 = Debug|Any CPU
		{042C9FAF-C2A2-4FD6-AFC1-7CFD96B022BF}.Debug|x86.ActiveCfg = Debug|Any CPU
		{042C9FAF-C2A2-4FD6-AFC1-7CFD96B022BF}.Debug|x86.Build.0 = Debug|Any CPU
		{042C9FAF-C2A2-4FD6-AFC1-7CFD96B022BF}.Release|Any CPU.ActiveCfg = Release|Any CPU
		{042C9FAF-C2A2-4FD6-AFC1-7CFD96B022BF}.Release|Any CPU.Build.0 = Release|Any CPU
		{042C9FAF-C2A2-4FD6-AFC1-7CFD96B022BF}.Release|x64.ActiveCfg = Release|Any CPU
		{042C9FAF-C2A2-4FD6-AFC1-7CFD96B022BF}.Release|x64.Build.0 = Release|Any CPU
		{042C9FAF-C2A2-4FD6-AFC1-7CFD96B022BF}.Release|x86.ActiveCfg = Release|Any CPU
		{042C9FAF-C2A2-4FD6-AFC1-7CFD96B022BF}.Release|x86.Build.0 = Release|Any CPU
		{C630D847-E0DB-4CE3-AB65-E87E7ECBB99D}.Debug|Any CPU.ActiveCfg = Debug|Any CPU
		{C630D847-E0DB-4CE3-AB65-E87E7ECBB99D}.Debug|Any CPU.Build.0 = Debug|Any CPU
		{C630D847-E0DB-4CE3-AB65-E87E7ECBB99D}.Debug|x64.ActiveCfg = Debug|Any CPU
		{C630D847-E0DB-4CE3-AB65-E87E7ECBB99D}.Debug|x64.Build.0 = Debug|Any CPU
		{C630D847-E0DB-4CE3-AB65-E87E7ECBB99D}.Debug|x86.ActiveCfg = Debug|Any CPU
		{C630D847-E0DB-4CE3-AB65-E87E7ECBB99D}.Debug|x86.Build.0 = Debug|Any CPU
		{C630D847-E0DB-4CE3-AB65-E87E7ECBB99D}.Release|Any CPU.ActiveCfg = Release|Any CPU
		{C630D847-E0DB-4CE3-AB65-E87E7ECBB99D}.Release|Any CPU.Build.0 = Release|Any CPU
		{C630D847-E0DB-4CE3-AB65-E87E7ECBB99D}.Release|x64.ActiveCfg = Release|Any CPU
		{C630D847-E0DB-4CE3-AB65-E87E7ECBB99D}.Release|x64.Build.0 = Release|Any CPU
		{C630D847-E0DB-4CE3-AB65-E87E7ECBB99D}.Release|x86.ActiveCfg = Release|Any CPU
		{C630D847-E0DB-4CE3-AB65-E87E7ECBB99D}.Release|x86.Build.0 = Release|Any CPU
		{6367B9D5-BCAE-41D6-85CE-A85D819A9A8E}.Debug|Any CPU.ActiveCfg = Debug|Any CPU
		{6367B9D5-BCAE-41D6-85CE-A85D819A9A8E}.Debug|Any CPU.Build.0 = Debug|Any CPU
		{6367B9D5-BCAE-41D6-85CE-A85D819A9A8E}.Debug|x64.ActiveCfg = Debug|Any CPU
		{6367B9D5-BCAE-41D6-85CE-A85D819A9A8E}.Debug|x64.Build.0 = Debug|Any CPU
		{6367B9D5-BCAE-41D6-85CE-A85D819A9A8E}.Debug|x86.ActiveCfg = Debug|Any CPU
		{6367B9D5-BCAE-41D6-85CE-A85D819A9A8E}.Debug|x86.Build.0 = Debug|Any CPU
		{6367B9D5-BCAE-41D6-85CE-A85D819A9A8E}.Release|Any CPU.ActiveCfg = Release|Any CPU
		{6367B9D5-BCAE-41D6-85CE-A85D819A9A8E}.Release|Any CPU.Build.0 = Release|Any CPU
		{6367B9D5-BCAE-41D6-85CE-A85D819A9A8E}.Release|x64.ActiveCfg = Release|Any CPU
		{6367B9D5-BCAE-41D6-85CE-A85D819A9A8E}.Release|x64.Build.0 = Release|Any CPU
		{6367B9D5-BCAE-41D6-85CE-A85D819A9A8E}.Release|x86.ActiveCfg = Release|Any CPU
		{6367B9D5-BCAE-41D6-85CE-A85D819A9A8E}.Release|x86.Build.0 = Release|Any CPU
		{BA81EE82-7885-4441-A0FC-45735D9E036E}.Debug|Any CPU.ActiveCfg = Debug|Any CPU
		{BA81EE82-7885-4441-A0FC-45735D9E036E}.Debug|Any CPU.Build.0 = Debug|Any CPU
		{BA81EE82-7885-4441-A0FC-45735D9E036E}.Debug|x64.ActiveCfg = Debug|Any CPU
		{BA81EE82-7885-4441-A0FC-45735D9E036E}.Debug|x64.Build.0 = Debug|Any CPU
		{BA81EE82-7885-4441-A0FC-45735D9E036E}.Debug|x86.ActiveCfg = Debug|Any CPU
		{BA81EE82-7885-4441-A0FC-45735D9E036E}.Debug|x86.Build.0 = Debug|Any CPU
		{BA81EE82-7885-4441-A0FC-45735D9E036E}.Release|Any CPU.ActiveCfg = Release|Any CPU
		{BA81EE82-7885-4441-A0FC-45735D9E036E}.Release|Any CPU.Build.0 = Release|Any CPU
		{BA81EE82-7885-4441-A0FC-45735D9E036E}.Release|x64.ActiveCfg = Release|Any CPU
		{BA81EE82-7885-4441-A0FC-45735D9E036E}.Release|x64.Build.0 = Release|Any CPU
		{BA81EE82-7885-4441-A0FC-45735D9E036E}.Release|x86.ActiveCfg = Release|Any CPU
		{BA81EE82-7885-4441-A0FC-45735D9E036E}.Release|x86.Build.0 = Release|Any CPU
		{0DF48F83-F9BC-4F38-9728-17CA95C5FE92}.Debug|Any CPU.ActiveCfg = Debug|Any CPU
		{0DF48F83-F9BC-4F38-9728-17CA95C5FE92}.Debug|Any CPU.Build.0 = Debug|Any CPU
		{0DF48F83-F9BC-4F38-9728-17CA95C5FE92}.Debug|x64.ActiveCfg = Debug|Any CPU
		{0DF48F83-F9BC-4F38-9728-17CA95C5FE92}.Debug|x64.Build.0 = Debug|Any CPU
		{0DF48F83-F9BC-4F38-9728-17CA95C5FE92}.Debug|x86.ActiveCfg = Debug|Any CPU
		{0DF48F83-F9BC-4F38-9728-17CA95C5FE92}.Debug|x86.Build.0 = Debug|Any CPU
		{0DF48F83-F9BC-4F38-9728-17CA95C5FE92}.Release|Any CPU.ActiveCfg = Release|Any CPU
		{0DF48F83-F9BC-4F38-9728-17CA95C5FE92}.Release|Any CPU.Build.0 = Release|Any CPU
		{0DF48F83-F9BC-4F38-9728-17CA95C5FE92}.Release|x64.ActiveCfg = Release|Any CPU
		{0DF48F83-F9BC-4F38-9728-17CA95C5FE92}.Release|x64.Build.0 = Release|Any CPU
		{0DF48F83-F9BC-4F38-9728-17CA95C5FE92}.Release|x86.ActiveCfg = Release|Any CPU
		{0DF48F83-F9BC-4F38-9728-17CA95C5FE92}.Release|x86.Build.0 = Release|Any CPU
		{3777EA95-F5D2-471D-9304-D4E3EC74F767}.Debug|Any CPU.ActiveCfg = Debug|Any CPU
		{3777EA95-F5D2-471D-9304-D4E3EC74F767}.Debug|Any CPU.Build.0 = Debug|Any CPU
		{3777EA95-F5D2-471D-9304-D4E3EC74F767}.Debug|x64.ActiveCfg = Debug|Any CPU
		{3777EA95-F5D2-471D-9304-D4E3EC74F767}.Debug|x64.Build.0 = Debug|Any CPU
		{3777EA95-F5D2-471D-9304-D4E3EC74F767}.Debug|x86.ActiveCfg = Debug|Any CPU
		{3777EA95-F5D2-471D-9304-D4E3EC74F767}.Debug|x86.Build.0 = Debug|Any CPU
		{3777EA95-F5D2-471D-9304-D4E3EC74F767}.Release|Any CPU.ActiveCfg = Release|Any CPU
		{3777EA95-F5D2-471D-9304-D4E3EC74F767}.Release|Any CPU.Build.0 = Release|Any CPU
		{3777EA95-F5D2-471D-9304-D4E3EC74F767}.Release|x64.ActiveCfg = Release|Any CPU
		{3777EA95-F5D2-471D-9304-D4E3EC74F767}.Release|x64.Build.0 = Release|Any CPU
		{3777EA95-F5D2-471D-9304-D4E3EC74F767}.Release|x86.ActiveCfg = Release|Any CPU
		{3777EA95-F5D2-471D-9304-D4E3EC74F767}.Release|x86.Build.0 = Release|Any CPU
		{B1A88C7A-F85E-4B99-A8FB-8A7577CD4D6F}.Debug|Any CPU.ActiveCfg = Debug|Any CPU
		{B1A88C7A-F85E-4B99-A8FB-8A7577CD4D6F}.Debug|Any CPU.Build.0 = Debug|Any CPU
		{B1A88C7A-F85E-4B99-A8FB-8A7577CD4D6F}.Debug|x64.ActiveCfg = Debug|Any CPU
		{B1A88C7A-F85E-4B99-A8FB-8A7577CD4D6F}.Debug|x64.Build.0 = Debug|Any CPU
		{B1A88C7A-F85E-4B99-A8FB-8A7577CD4D6F}.Debug|x86.ActiveCfg = Debug|Any CPU
		{B1A88C7A-F85E-4B99-A8FB-8A7577CD4D6F}.Debug|x86.Build.0 = Debug|Any CPU
		{B1A88C7A-F85E-4B99-A8FB-8A7577CD4D6F}.Release|Any CPU.ActiveCfg = Release|Any CPU
		{B1A88C7A-F85E-4B99-A8FB-8A7577CD4D6F}.Release|Any CPU.Build.0 = Release|Any CPU
		{B1A88C7A-F85E-4B99-A8FB-8A7577CD4D6F}.Release|x64.ActiveCfg = Release|Any CPU
		{B1A88C7A-F85E-4B99-A8FB-8A7577CD4D6F}.Release|x64.Build.0 = Release|Any CPU
		{B1A88C7A-F85E-4B99-A8FB-8A7577CD4D6F}.Release|x86.ActiveCfg = Release|Any CPU
		{B1A88C7A-F85E-4B99-A8FB-8A7577CD4D6F}.Release|x86.Build.0 = Release|Any CPU
	EndGlobalSection
	GlobalSection(SolutionProperties) = preSolution
		HideSolutionNode = FALSE
	EndGlobalSection
	GlobalSection(NestedProjects) = preSolution
		{F8F5E333-028E-4184-9863-D4535360F29E} = {B1C2D3E4-F5A6-7B8C-9D0E-1F2A3B4C5D6E}
		{E9F7D2B1-4A5C-6E8F-9B0D-1C3E5F7A9B2C} = {B1C2D3E4-F5A6-7B8C-9D0E-1F2A3B4C5D6E}
		{AD204638-B3E7-42A0-982A-9FE93ED5E513} = {A328B835-4990-6931-34B9-ABE689D5831A}
		{6B94EBCF-8ADA-475A-999B-C3C591DD50E9} = {A328B835-4990-6931-34B9-ABE689D5831A}
		{7BB7E927-3AEC-4708-BA55-13849E85FE03} = {A328B835-4990-6931-34B9-ABE689D5831A}
		{A1B2C3D4-E5F6-7890-ABCD-EF1234567890} = {A328B835-4990-6931-34B9-ABE689D5831A}
		{B1C2D3E4-F5A6-7B8C-9D0E-1F2A3B4C5D6E} = {827E0CD3-B72D-47B6-A68D-7590B98EB39B}
		{52BF7FB6-37FF-5100-EFD1-124EFF302675} = {827E0CD3-B72D-47B6-A68D-7590B98EB39B}
		{7B8A77FC-FD65-4FB3-BBF9-C1EF031D2D4D} = {52BF7FB6-37FF-5100-EFD1-124EFF302675}
		{DF30FDA1-C29F-49CC-A89E-C5E3AB2F19C4} = {52BF7FB6-37FF-5100-EFD1-124EFF302675}
		{E5B2F8A3-8B4C-4E4D-9A5B-2C1F3D7E8F9A} = {827E0CD3-B72D-47B6-A68D-7590B98EB39B}
		{9048EB7F-3875-A59E-E36B-5BD4C6F2A282} = {827E0CD3-B72D-47B6-A68D-7590B98EB39B}
		{13F1FAA4-9713-4CDD-8791-E32EAD586DC7} = {9048EB7F-3875-A59E-E36B-5BD4C6F2A282}
		{28A6993C-471E-82FE-7D9E-AD3B1EC22BD9} = {0AB3BF05-4346-4AA6-1389-037BE0695223}
		{F25A9213-C080-46DC-93A8-09D96E2C55A1} = {0AB3BF05-4346-4AA6-1389-037BE0695223}
		{CF192083-09AA-47AE-9679-9EF0E618A0DB} = {F25A9213-C080-46DC-93A8-09D96E2C55A1}
		{5F1141F9-50A5-49E7-808A-9169C3FDB54A} = {F25A9213-C080-46DC-93A8-09D96E2C55A1}
		{984BB9B3-3FA3-BE33-9484-CAC21695A33C} = {827E0CD3-B72D-47B6-A68D-7590B98EB39B}
		{79FC8B16-418F-4ECE-A207-22E7A545C06E} = {B1C2D3E4-F5A6-7B8C-9D0E-1F2A3B4C5D6E}
		{300E873E-7F91-489A-BF5A-1F193FE08B84} = {B1C2D3E4-F5A6-7B8C-9D0E-1F2A3B4C5D6E}
		{E3F8F1B8-30D7-4116-852C-B2638AA28971} = {B1C2D3E4-F5A6-7B8C-9D0E-1F2A3B4C5D6E}
		{B625A2FF-F6AF-467A-8596-EB92CDA5CC17} = {E5B2F8A3-8B4C-4E4D-9A5B-2C1F3D7E8F9A}
		{9E392E7E-F01B-42A6-9CA6-DFD911559CDD} = {E5B2F8A3-8B4C-4E4D-9A5B-2C1F3D7E8F9A}
		{A810CCAE-5B18-4D6E-8354-665DC0A33F79} = {E5B2F8A3-8B4C-4E4D-9A5B-2C1F3D7E8F9A}
		{BFF7B10B-B469-4512-8E04-12DD5B09239B} = {E5B2F8A3-8B4C-4E4D-9A5B-2C1F3D7E8F9A}
		{D0D6B8B0-AC35-B3FA-0B96-A9B0E4A3253E} = {0AB3BF05-4346-4AA6-1389-037BE0695223}
		{17D674D3-1FB6-4E7B-8A74-63509B719083} = {D0D6B8B0-AC35-B3FA-0B96-A9B0E4A3253E}
		{46F21E36-52D3-46C9-A0B2-4EA14A0CD660} = {F25A9213-C080-46DC-93A8-09D96E2C55A1}
		{3F7F85F1-2CF3-46EF-B919-470CF723560B} = {28A6993C-471E-82FE-7D9E-AD3B1EC22BD9}
		{619D6BA4-5CF7-4CDE-A84C-A3D1159DEB1A} = {28A6993C-471E-82FE-7D9E-AD3B1EC22BD9}
		{4CE42414-7F38-419B-B02F-D6F64057486F} = {28A6993C-471E-82FE-7D9E-AD3B1EC22BD9}
		{59F13AC0-48F4-1EAA-233F-95B7C7A91E1D} = {0AB3BF05-4346-4AA6-1389-037BE0695223}
		{300A1DAE-1C9F-4DD5-A656-D7CFA7114826} = {59F13AC0-48F4-1EAA-233F-95B7C7A91E1D}
		{545BC086-C2E1-49CA-B566-C7BF1F7F2EC2} = {984BB9B3-3FA3-BE33-9484-CAC21695A33C}
		{11A022CB-F92C-41D7-80CF-50C6492606B3} = {B1C2D3E4-F5A6-7B8C-9D0E-1F2A3B4C5D6E}
		{237CDB4C-E7C4-795B-969A-4CCB7C8B335B} = {827E0CD3-B72D-47B6-A68D-7590B98EB39B}
		{47D8B096-E82B-5B56-5B7B-84742B497FE3} = {827E0CD3-B72D-47B6-A68D-7590B98EB39B}
		{7AF64330-00BC-4CD6-B27E-648DF30C6770} = {47D8B096-E82B-5B56-5B7B-84742B497FE3}
		{16F43C20-38A5-4914-8E4C-BDDB91ED1314} = {47D8B096-E82B-5B56-5B7B-84742B497FE3}
		{B9C6EBFB-C42D-451D-A772-0530E38474CE} = {237CDB4C-E7C4-795B-969A-4CCB7C8B335B}
		{BAE3D776-11C3-412C-8627-D7BE19EC4A84} = {237CDB4C-E7C4-795B-969A-4CCB7C8B335B}
		{0950185D-7962-4480-875C-F09E4054FD78} = {237CDB4C-E7C4-795B-969A-4CCB7C8B335B}
		{DCED5314-B57E-4884-B7CA-A7303E1D0C72} = {237CDB4C-E7C4-795B-969A-4CCB7C8B335B}
		{68D4BE32-FCD5-41D3-83D6-0919713A3EF0} = {F25A9213-C080-46DC-93A8-09D96E2C55A1}
		{A61524AF-AF0A-4461-8F27-41A025C80736} = {237CDB4C-E7C4-795B-969A-4CCB7C8B335B}
		{8FAF2A65-9545-D0E2-258D-DDED00B9DFBD} = {827E0CD3-B72D-47B6-A68D-7590B98EB39B}
		{ABE6E00F-0A6D-4E0E-8DA5-8889C589DE16} = {8FAF2A65-9545-D0E2-258D-DDED00B9DFBD}
		{3A97A0BE-E490-4D80-A82B-D85CC993383B} = {8FAF2A65-9545-D0E2-258D-DDED00B9DFBD}
		{1365D84B-BF2B-4A79-9736-9694C0D8F2B2} = {8FAF2A65-9545-D0E2-258D-DDED00B9DFBD}
		{2951E765-5F77-95BA-3D85-F41283DA5914} = {827E0CD3-B72D-47B6-A68D-7590B98EB39B}
		{867D3D8E-7651-4279-9BC8-553F5B9883F9} = {2951E765-5F77-95BA-3D85-F41283DA5914}
		{66546F32-B3E7-4FEB-B3B3-979C2F14CC65} = {F25A9213-C080-46DC-93A8-09D96E2C55A1}
		{A79F4737-785F-4D54-A4C3-73CFA477C9D8} = {237CDB4C-E7C4-795B-969A-4CCB7C8B335B}
		{0FCE3414-12EE-4743-AFAE-C3A272893B11} = {237CDB4C-E7C4-795B-969A-4CCB7C8B335B}
		{042C9FAF-C2A2-4FD6-AFC1-7CFD96B022BF} = {F25A9213-C080-46DC-93A8-09D96E2C55A1}
		{C630D847-E0DB-4CE3-AB65-E87E7ECBB99D} = {F25A9213-C080-46DC-93A8-09D96E2C55A1}
		{6367B9D5-BCAE-41D6-85CE-A85D819A9A8E} = {F25A9213-C080-46DC-93A8-09D96E2C55A1}
		{BA81EE82-7885-4441-A0FC-45735D9E036E} = {F25A9213-C080-46DC-93A8-09D96E2C55A1}
		{0DF48F83-F9BC-4F38-9728-17CA95C5FE92} = {52BF7FB6-37FF-5100-EFD1-124EFF302675}
		{0EB607AC-6329-6575-AD8B-E5558B048B88} = {0AB3BF05-4346-4AA6-1389-037BE0695223}
		{3777EA95-F5D2-471D-9304-D4E3EC74F767} = {0EB607AC-6329-6575-AD8B-E5558B048B88}
		{B1A88C7A-F85E-4B99-A8FB-8A7577CD4D6F} = {59F13AC0-48F4-1EAA-233F-95B7C7A91E1D}
		{81034408-37C8-1011-444E-4C15C2FADA8E} = {827E0CD3-B72D-47B6-A68D-7590B98EB39B}
	EndGlobalSection
EndGlobal
